// !$*UTF8*$!
{
	archiveVersion = 1;
	classes = {
	};
	objectVersion = 44;
	objects = {

/* Begin PBXBuildFile section */
		3C006A9211FF894800C5C084 /* cards.db in Resources */ = {isa = PBXBuildFile; fileRef = 3C180E3D11FE918A00235976 /* cards.db */; };
		3C006A9311FF896700C5C084 /* libsqlite3.dylib in Frameworks */ = {isa = PBXBuildFile; fileRef = 3C8CA05F11F254B6009A1443 /* libsqlite3.dylib */; };
		3C006ABE11FF914B00C5C084 /* Cocoa.framework in Frameworks */ = {isa = PBXBuildFile; fileRef = 1058C7A1FEA54F0111CA2CBB /* Cocoa.framework */; };
		3C006ADF11FF922E00C5C084 /* FMDatabase.m in Sources */ = {isa = PBXBuildFile; fileRef = 3C0F85B911FCDF3C0043D7DD /* FMDatabase.m */; };
		3C006AE011FF922E00C5C084 /* FMDatabaseAdditions.m in Sources */ = {isa = PBXBuildFile; fileRef = 3C0F85BB11FCDF3C0043D7DD /* FMDatabaseAdditions.m */; };
		3C006AE111FF922E00C5C084 /* FMResultSet.m in Sources */ = {isa = PBXBuildFile; fileRef = 3C0F85BD11FCDF3C0043D7DD /* FMResultSet.m */; };
		3C006AE511FF925200C5C084 /* main.m in Sources */ = {isa = PBXBuildFile; fileRef = 3C1E539C11F6212E001FB0BF /* main.m */; };
		3C006B7A11FFC4BB00C5C084 /* storedata in Resources */ = {isa = PBXBuildFile; fileRef = 3C006B7911FFC4BB00C5C084 /* storedata */; };
		3C006B7B11FFC4BB00C5C084 /* storedata in Resources */ = {isa = PBXBuildFile; fileRef = 3C006B7911FFC4BB00C5C084 /* storedata */; };
		3C0A8A8711FFF7820032CEDB /* SIYImportController.m in Sources */ = {isa = PBXBuildFile; fileRef = 3C0A8A8611FFF7820032CEDB /* SIYImportController.m */; };
		3C0A8A8F11FFF7E80032CEDB /* Importer.xib in Resources */ = {isa = PBXBuildFile; fileRef = 3C0A8A8D11FFF7E80032CEDB /* Importer.xib */; };
		3C0F864911FD00300043D7DD /* InfoPlist.strings in Resources */ = {isa = PBXBuildFile; fileRef = 089C165CFE840E0CC02AAC07 /* InfoPlist.strings */; };
		3C0F864A11FD00300043D7DD /* DeckEditorWindow.nib in Resources */ = {isa = PBXBuildFile; fileRef = 3C8EED8611ED2E07003E7D9F /* DeckEditorWindow.nib */; };
		3C0F864D11FD00300043D7DD /* SIYController.m in Sources */ = {isa = PBXBuildFile; fileRef = 3C1E539811F620F9001FB0BF /* SIYController.m */; };
		3C0F864F11FD00300043D7DD /* main.m in Sources */ = {isa = PBXBuildFile; fileRef = 3C1E539C11F6212E001FB0BF /* main.m */; };
		3C0F865611FD00300043D7DD /* Cocoa.framework in Frameworks */ = {isa = PBXBuildFile; fileRef = 1058C7A1FEA54F0111CA2CBB /* Cocoa.framework */; };
		3C1E539A11F620F9001FB0BF /* SIYController.m in Sources */ = {isa = PBXBuildFile; fileRef = 3C1E539811F620F9001FB0BF /* SIYController.m */; };
		3C1E539D11F6212E001FB0BF /* main.m in Sources */ = {isa = PBXBuildFile; fileRef = 3C1E539C11F6212E001FB0BF /* main.m */; };
		3C31AF70120B3C9B00ED4CDE /* Updater.xib in Resources */ = {isa = PBXBuildFile; fileRef = 3C31AF6E120B3C9B00ED4CDE /* Updater.xib */; };
		3C31AF8F120B429C00ED4CDE /* main.m in Sources */ = {isa = PBXBuildFile; fileRef = 3C1E539C11F6212E001FB0BF /* main.m */; };
		3C31AF90120B42B600ED4CDE /* Cocoa.framework in Frameworks */ = {isa = PBXBuildFile; fileRef = 1058C7A1FEA54F0111CA2CBB /* Cocoa.framework */; };
		3C31AFA0120B42F000ED4CDE /* SIYUpdaterController.m in Sources */ = {isa = PBXBuildFile; fileRef = 3C31AF9F120B42F000ED4CDE /* SIYUpdaterController.m */; };
		3C31AFD3120B560E00ED4CDE /* Alara Reborn.csv in Resources */ = {isa = PBXBuildFile; fileRef = 3C31AFCB120B560E00ED4CDE /* Alara Reborn.csv */; };
		3C31AFD4120B560E00ED4CDE /* Conflux.csv in Resources */ = {isa = PBXBuildFile; fileRef = 3C31AFCC120B560E00ED4CDE /* Conflux.csv */; };
		3C31AFD5120B560E00ED4CDE /* M2010.csv in Resources */ = {isa = PBXBuildFile; fileRef = 3C31AFCD120B560E00ED4CDE /* M2010.csv */; };
		3C31AFD6120B560E00ED4CDE /* M2011.csv in Resources */ = {isa = PBXBuildFile; fileRef = 3C31AFCE120B560E00ED4CDE /* M2011.csv */; };
		3C31AFD7120B560E00ED4CDE /* Rise of the Eldrazi.csv in Resources */ = {isa = PBXBuildFile; fileRef = 3C31AFCF120B560E00ED4CDE /* Rise of the Eldrazi.csv */; };
		3C31AFD8120B560E00ED4CDE /* Shards of Alara.csv in Resources */ = {isa = PBXBuildFile; fileRef = 3C31AFD0120B560E00ED4CDE /* Shards of Alara.csv */; };
		3C31AFD9120B560E00ED4CDE /* Worldwake.csv in Resources */ = {isa = PBXBuildFile; fileRef = 3C31AFD1120B560E00ED4CDE /* Worldwake.csv */; };
		3C31AFDA120B560E00ED4CDE /* Zendikar.csv in Resources */ = {isa = PBXBuildFile; fileRef = 3C31AFD2120B560E00ED4CDE /* Zendikar.csv */; };
		3C8EED8811ED2E07003E7D9F /* DeckEditorWindow.nib in Resources */ = {isa = PBXBuildFile; fileRef = 3C8EED8611ED2E07003E7D9F /* DeckEditorWindow.nib */; };
		3CBD2D3B11FE2E5300DE9543 /* SIYCardImageManager.m in Sources */ = {isa = PBXBuildFile; fileRef = 3CBD2D3A11FE2E5300DE9543 /* SIYCardImageManager.m */; };
		3CBD2D3C11FE2E5300DE9543 /* SIYCardImageManager.m in Sources */ = {isa = PBXBuildFile; fileRef = 3CBD2D3A11FE2E5300DE9543 /* SIYCardImageManager.m */; };
		3CE302BE120BFA730093FD1E /* SIYDataModel.xcdatamodel in Sources */ = {isa = PBXBuildFile; fileRef = 3CE302BD120BFA730093FD1E /* SIYDataModel.xcdatamodel */; };
		3CE302BF120BFA730093FD1E /* SIYDataModel.xcdatamodel in Sources */ = {isa = PBXBuildFile; fileRef = 3CE302BD120BFA730093FD1E /* SIYDataModel.xcdatamodel */; };
		3CE302C0120BFA730093FD1E /* SIYDataModel.xcdatamodel in Sources */ = {isa = PBXBuildFile; fileRef = 3CE302BD120BFA730093FD1E /* SIYDataModel.xcdatamodel */; };
		3CE302C1120BFA730093FD1E /* SIYDataModel.xcdatamodel in Sources */ = {isa = PBXBuildFile; fileRef = 3CE302BD120BFA730093FD1E /* SIYDataModel.xcdatamodel */; };
		3CE30340120D63FF0093FD1E /* card-image-map in Resources */ = {isa = PBXBuildFile; fileRef = 3CE3033F120D63FF0093FD1E /* card-image-map */; };
		3CE30341120D63FF0093FD1E /* card-image-map in Resources */ = {isa = PBXBuildFile; fileRef = 3CE3033F120D63FF0093FD1E /* card-image-map */; };
		8D11072B0486CEB800E47090 /* InfoPlist.strings in Resources */ = {isa = PBXBuildFile; fileRef = 089C165CFE840E0CC02AAC07 /* InfoPlist.strings */; };
		8D11072F0486CEB800E47090 /* Cocoa.framework in Frameworks */ = {isa = PBXBuildFile; fileRef = 1058C7A1FEA54F0111CA2CBB /* Cocoa.framework */; };
/* End PBXBuildFile section */

/* Begin PBXFileReference section */
		089C165DFE840E0CC02AAC07 /* English */ = {isa = PBXFileReference; fileEncoding = 10; lastKnownFileType = text.plist.strings; name = English; path = English.lproj/InfoPlist.strings; sourceTree = "<group>"; };
		1058C7A1FEA54F0111CA2CBB /* Cocoa.framework */ = {isa = PBXFileReference; lastKnownFileType = wrapper.framework; name = Cocoa.framework; path = /System/Library/Frameworks/Cocoa.framework; sourceTree = "<absolute>"; };
		13E42FB307B3F0F600E4EEF1 /* CoreData.framework */ = {isa = PBXFileReference; lastKnownFileType = wrapper.framework; name = CoreData.framework; path = /System/Library/Frameworks/CoreData.framework; sourceTree = "<absolute>"; };
		29B97324FDCFA39411CA2CEA /* AppKit.framework */ = {isa = PBXFileReference; lastKnownFileType = wrapper.framework; name = AppKit.framework; path = /System/Library/Frameworks/AppKit.framework; sourceTree = "<absolute>"; };
		29B97325FDCFA39411CA2CEA /* Foundation.framework */ = {isa = PBXFileReference; lastKnownFileType = wrapper.framework; name = Foundation.framework; path = /System/Library/Frameworks/Foundation.framework; sourceTree = "<absolute>"; };
		32CA4F630368D1EE00C91783 /* Yawgmoth_Prefix.pch */ = {isa = PBXFileReference; fileEncoding = 4; lastKnownFileType = sourcecode.c.h; path = Yawgmoth_Prefix.pch; sourceTree = "<group>"; };
		3C006A8B11FF883C00C5C084 /* Yawgmoth-Importer.app */ = {isa = PBXFileReference; explicitFileType = wrapper.application; includeInIndex = 0; path = "Yawgmoth-Importer.app"; sourceTree = BUILT_PRODUCTS_DIR; };
		3C006B7911FFC4BB00C5C084 /* storedata */ = {isa = PBXFileReference; lastKnownFileType = file; name = storedata; path = res/storedata; sourceTree = "<group>"; };
		3C0A8A8511FFF7820032CEDB /* SIYImportController.h */ = {isa = PBXFileReference; fileEncoding = 4; lastKnownFileType = sourcecode.c.h; name = SIYImportController.h; path = src/importer/SIYImportController.h; sourceTree = "<group>"; };
		3C0A8A8611FFF7820032CEDB /* SIYImportController.m */ = {isa = PBXFileReference; fileEncoding = 4; lastKnownFileType = sourcecode.c.objc; name = SIYImportController.m; path = src/importer/SIYImportController.m; sourceTree = "<group>"; };
		3C0A8A8E11FFF7E80032CEDB /* English */ = {isa = PBXFileReference; lastKnownFileType = file.xib; name = English; path = English.lproj/Importer.xib; sourceTree = "<group>"; };
		3C0A8A9511FFF8580032CEDB /* Info-10.5.plist */ = {isa = PBXFileReference; fileEncoding = 4; lastKnownFileType = text.plist.xml; name = "Info-10.5.plist"; path = "res/Info-10.5.plist"; sourceTree = "<group>"; };
		3C0A8A9711FFF8640032CEDB /* Info-10.6.plist */ = {isa = PBXFileReference; fileEncoding = 4; lastKnownFileType = text.plist.xml; name = "Info-10.6.plist"; path = "res/Info-10.6.plist"; sourceTree = "<group>"; };
		3C0A8A9911FFF8720032CEDB /* Info-importer.plist */ = {isa = PBXFileReference; fileEncoding = 4; lastKnownFileType = text.plist.xml; name = "Info-importer.plist"; path = "res/Info-importer.plist"; sourceTree = "<group>"; };
		3C0F85B811FCDF3C0043D7DD /* FMDatabase.h */ = {isa = PBXFileReference; fileEncoding = 4; lastKnownFileType = sourcecode.c.h; name = FMDatabase.h; path = src/fmdb.git/src/FMDatabase.h; sourceTree = "<group>"; };
		3C0F85B911FCDF3C0043D7DD /* FMDatabase.m */ = {isa = PBXFileReference; fileEncoding = 4; lastKnownFileType = sourcecode.c.objc; name = FMDatabase.m; path = src/fmdb.git/src/FMDatabase.m; sourceTree = "<group>"; };
		3C0F85BA11FCDF3C0043D7DD /* FMDatabaseAdditions.h */ = {isa = PBXFileReference; fileEncoding = 4; lastKnownFileType = sourcecode.c.h; name = FMDatabaseAdditions.h; path = src/fmdb.git/src/FMDatabaseAdditions.h; sourceTree = "<group>"; };
		3C0F85BB11FCDF3C0043D7DD /* FMDatabaseAdditions.m */ = {isa = PBXFileReference; fileEncoding = 4; lastKnownFileType = sourcecode.c.objc; name = FMDatabaseAdditions.m; path = src/fmdb.git/src/FMDatabaseAdditions.m; sourceTree = "<group>"; };
		3C0F85BC11FCDF3C0043D7DD /* FMResultSet.h */ = {isa = PBXFileReference; fileEncoding = 4; lastKnownFileType = sourcecode.c.h; name = FMResultSet.h; path = src/fmdb.git/src/FMResultSet.h; sourceTree = "<group>"; };
		3C0F85BD11FCDF3C0043D7DD /* FMResultSet.m */ = {isa = PBXFileReference; fileEncoding = 4; lastKnownFileType = sourcecode.c.objc; name = FMResultSet.m; path = src/fmdb.git/src/FMResultSet.m; sourceTree = "<group>"; };
		3C0F865A11FD00300043D7DD /* Yawgmoth.app */ = {isa = PBXFileReference; explicitFileType = wrapper.application; includeInIndex = 0; path = Yawgmoth.app; sourceTree = BUILT_PRODUCTS_DIR; };
		3C180E3D11FE918A00235976 /* cards.db */ = {isa = PBXFileReference; lastKnownFileType = file; name = cards.db; path = res/cards.db; sourceTree = "<group>"; };
		3C1E539711F620F9001FB0BF /* SIYController.h */ = {isa = PBXFileReference; fileEncoding = 4; lastKnownFileType = sourcecode.c.h; name = SIYController.h; path = src/yawgmoth/SIYController.h; sourceTree = "<group>"; };
		3C1E539811F620F9001FB0BF /* SIYController.m */ = {isa = PBXFileReference; fileEncoding = 4; lastKnownFileType = sourcecode.c.objc; name = SIYController.m; path = src/yawgmoth/SIYController.m; sourceTree = "<group>"; };
		3C1E539C11F6212E001FB0BF /* main.m */ = {isa = PBXFileReference; fileEncoding = 4; lastKnownFileType = sourcecode.c.objc; name = main.m; path = src/yawgmoth/main.m; sourceTree = "<group>"; };
		3C31AF67120B3BF000ED4CDE /* Yawgmoth Updater.app */ = {isa = PBXFileReference; explicitFileType = wrapper.application; includeInIndex = 0; path = "Yawgmoth Updater.app"; sourceTree = BUILT_PRODUCTS_DIR; };
		3C31AF6D120B3C7500ED4CDE /* Yawgmoth Updater-Info.plist */ = {isa = PBXFileReference; fileEncoding = 4; lastKnownFileType = text.plist.xml; name = "Yawgmoth Updater-Info.plist"; path = "res/Yawgmoth Updater-Info.plist"; sourceTree = "<group>"; };
		3C31AF6F120B3C9B00ED4CDE /* English */ = {isa = PBXFileReference; lastKnownFileType = file.xib; name = English; path = English.lproj/Updater.xib; sourceTree = "<group>"; };
		3C31AF9E120B42EF00ED4CDE /* SIYUpdaterController.h */ = {isa = PBXFileReference; fileEncoding = 4; lastKnownFileType = sourcecode.c.h; name = SIYUpdaterController.h; path = src/updater/SIYUpdaterController.h; sourceTree = "<group>"; };
		3C31AF9F120B42F000ED4CDE /* SIYUpdaterController.m */ = {isa = PBXFileReference; fileEncoding = 4; lastKnownFileType = sourcecode.c.objc; name = SIYUpdaterController.m; path = src/updater/SIYUpdaterController.m; sourceTree = "<group>"; };
		3C31AFCB120B560E00ED4CDE /* Alara Reborn.csv */ = {isa = PBXFileReference; fileEncoding = 4; lastKnownFileType = text; name = "Alara Reborn.csv"; path = "res/sets/Alara Reborn.csv"; sourceTree = "<group>"; };
		3C31AFCC120B560E00ED4CDE /* Conflux.csv */ = {isa = PBXFileReference; fileEncoding = 4; lastKnownFileType = text; name = Conflux.csv; path = res/sets/Conflux.csv; sourceTree = "<group>"; };
		3C31AFCD120B560E00ED4CDE /* M2010.csv */ = {isa = PBXFileReference; fileEncoding = 4; lastKnownFileType = text; name = M2010.csv; path = res/sets/M2010.csv; sourceTree = "<group>"; };
		3C31AFCE120B560E00ED4CDE /* M2011.csv */ = {isa = PBXFileReference; fileEncoding = 4; lastKnownFileType = text; name = M2011.csv; path = res/sets/M2011.csv; sourceTree = "<group>"; };
		3C31AFCF120B560E00ED4CDE /* Rise of the Eldrazi.csv */ = {isa = PBXFileReference; fileEncoding = 4; lastKnownFileType = text; name = "Rise of the Eldrazi.csv"; path = "res/sets/Rise of the Eldrazi.csv"; sourceTree = "<group>"; };
		3C31AFD0120B560E00ED4CDE /* Shards of Alara.csv */ = {isa = PBXFileReference; fileEncoding = 4; lastKnownFileType = text; name = "Shards of Alara.csv"; path = "res/sets/Shards of Alara.csv"; sourceTree = "<group>"; };
		3C31AFD1120B560E00ED4CDE /* Worldwake.csv */ = {isa = PBXFileReference; fileEncoding = 4; lastKnownFileType = text; name = Worldwake.csv; path = res/sets/Worldwake.csv; sourceTree = "<group>"; };
		3C31AFD2120B560E00ED4CDE /* Zendikar.csv */ = {isa = PBXFileReference; fileEncoding = 4; lastKnownFileType = text; name = Zendikar.csv; path = res/sets/Zendikar.csv; sourceTree = "<group>"; };
		3C8CA05F11F254B6009A1443 /* libsqlite3.dylib */ = {isa = PBXFileReference; lastKnownFileType = "compiled.mach-o.dylib"; name = libsqlite3.dylib; path = usr/lib/libsqlite3.dylib; sourceTree = SDKROOT; };
		3C8EED8711ED2E07003E7D9F /* English */ = {isa = PBXFileReference; lastKnownFileType = wrapper.nib; name = English; path = English.lproj/DeckEditorWindow.nib; sourceTree = "<group>"; };
		3C9587B911FBAC2200E0F11E /* SIYDataModelManagedObjects.h */ = {isa = PBXFileReference; fileEncoding = 4; lastKnownFileType = sourcecode.c.h; name = SIYDataModelManagedObjects.h; path = src/yawgmoth/SIYDataModelManagedObjects.h; sourceTree = "<group>"; };
		3CBD2D3911FE2E5300DE9543 /* SIYCardImageManager.h */ = {isa = PBXFileReference; fileEncoding = 4; lastKnownFileType = sourcecode.c.h; name = SIYCardImageManager.h; path = src/yawgmoth/SIYCardImageManager.h; sourceTree = "<group>"; };
		3CBD2D3A11FE2E5300DE9543 /* SIYCardImageManager.m */ = {isa = PBXFileReference; fileEncoding = 4; lastKnownFileType = sourcecode.c.objc; name = SIYCardImageManager.m; path = src/yawgmoth/SIYCardImageManager.m; sourceTree = "<group>"; };
		3CE302BD120BFA730093FD1E /* SIYDataModel.xcdatamodel */ = {isa = PBXFileReference; fileEncoding = 4; lastKnownFileType = wrapper.xcdatamodel; name = SIYDataModel.xcdatamodel; path = src/yawgmoth/SIYDataModel.xcdatamodel; sourceTree = "<group>"; };
		3CE3033F120D63FF0093FD1E /* card-image-map */ = {isa = PBXFileReference; fileEncoding = 4; lastKnownFileType = text; name = "card-image-map"; path = "res/card-image-map"; sourceTree = "<group>"; };
		8D1107320486CEB800E47090 /* Yawgmoth.app */ = {isa = PBXFileReference; explicitFileType = wrapper.application; includeInIndex = 0; path = Yawgmoth.app; sourceTree = BUILT_PRODUCTS_DIR; };
/* End PBXFileReference section */

/* Begin PBXFrameworksBuildPhase section */
		3C006A8911FF883C00C5C084 /* Frameworks */ = {
			isa = PBXFrameworksBuildPhase;
			buildActionMask = 2147483647;
			files = (
				3C006ABE11FF914B00C5C084 /* Cocoa.framework in Frameworks */,
				3C006A9311FF896700C5C084 /* libsqlite3.dylib in Frameworks */,
			);
			runOnlyForDeploymentPostprocessing = 0;
		};
		3C0F865411FD00300043D7DD /* Frameworks */ = {
			isa = PBXFrameworksBuildPhase;
			buildActionMask = 2147483647;
			files = (
				3C0F865611FD00300043D7DD /* Cocoa.framework in Frameworks */,
			);
			runOnlyForDeploymentPostprocessing = 0;
		};
		3C31AF65120B3BF000ED4CDE /* Frameworks */ = {
			isa = PBXFrameworksBuildPhase;
			buildActionMask = 2147483647;
			files = (
				3C31AF90120B42B600ED4CDE /* Cocoa.framework in Frameworks */,
			);
			runOnlyForDeploymentPostprocessing = 0;
		};
		8D11072E0486CEB800E47090 /* Frameworks */ = {
			isa = PBXFrameworksBuildPhase;
			buildActionMask = 2147483647;
			files = (
				8D11072F0486CEB800E47090 /* Cocoa.framework in Frameworks */,
			);
			runOnlyForDeploymentPostprocessing = 0;
		};
/* End PBXFrameworksBuildPhase section */

/* Begin PBXGroup section */
		080E96DDFE201D6D7F000001 /* Yawgmoth Classes */ = {
			isa = PBXGroup;
			children = (
				3CBD2D3911FE2E5300DE9543 /* SIYCardImageManager.h */,
				3CBD2D3A11FE2E5300DE9543 /* SIYCardImageManager.m */,
				3C1E539711F620F9001FB0BF /* SIYController.h */,
				3C1E539811F620F9001FB0BF /* SIYController.m */,
			);
			name = "Yawgmoth Classes";
			sourceTree = "<group>";
		};
		1058C7A0FEA54F0111CA2CBB /* Linked Frameworks */ = {
			isa = PBXGroup;
			children = (
				1058C7A1FEA54F0111CA2CBB /* Cocoa.framework */,
				3C8CA05F11F254B6009A1443 /* libsqlite3.dylib */,
			);
			name = "Linked Frameworks";
			sourceTree = "<group>";
		};
		1058C7A2FEA54F0111CA2CBB /* Other Frameworks */ = {
			isa = PBXGroup;
			children = (
				29B97324FDCFA39411CA2CEA /* AppKit.framework */,
				13E42FB307B3F0F600E4EEF1 /* CoreData.framework */,
				29B97325FDCFA39411CA2CEA /* Foundation.framework */,
			);
			name = "Other Frameworks";
			sourceTree = "<group>";
		};
		19C28FACFE9D520D11CA2CBB /* Products */ = {
			isa = PBXGroup;
			children = (
				8D1107320486CEB800E47090 /* Yawgmoth.app */,
				3C0F865A11FD00300043D7DD /* Yawgmoth.app */,
				3C006A8B11FF883C00C5C084 /* Yawgmoth-Importer.app */,
				3C31AF67120B3BF000ED4CDE /* Yawgmoth Updater.app */,
			);
			name = Products;
			sourceTree = "<group>";
		};
		29B97314FDCFA39411CA2CEA /* Yawgmoth */ = {
			isa = PBXGroup;
			children = (
				3C1E539111F61E8B001FB0BF /* Yawgmoth */,
				29B97323FDCFA39411CA2CEA /* Frameworks */,
				19C28FACFE9D520D11CA2CBB /* Products */,
			);
			name = Yawgmoth;
			sourceTree = "<group>";
		};
		29B97315FDCFA39411CA2CEA /* Other Sources */ = {
			isa = PBXGroup;
			children = (
				3C1E539C11F6212E001FB0BF /* main.m */,
				3C9587B911FBAC2200E0F11E /* SIYDataModelManagedObjects.h */,
				32CA4F630368D1EE00C91783 /* Yawgmoth_Prefix.pch */,
			);
			name = "Other Sources";
			sourceTree = "<group>";
		};
		29B97317FDCFA39411CA2CEA /* Resources */ = {
			isa = PBXGroup;
			children = (
				3CE3033F120D63FF0093FD1E /* card-image-map */,
				3C31AFCA120B55FB00ED4CDE /* Sets */,
				3C0A8A9111FFF80D0032CEDB /* Infos */,
				3C0A8A9011FFF7EE0032CEDB /* Interface */,
				3C180E3D11FE918A00235976 /* cards.db */,
				3C006B7911FFC4BB00C5C084 /* storedata */,
			);
			name = Resources;
			sourceTree = "<group>";
		};
		29B97323FDCFA39411CA2CEA /* Frameworks */ = {
			isa = PBXGroup;
			children = (
				3C1E53A111F62186001FB0BF /* fmdb */,
				1058C7A0FEA54F0111CA2CBB /* Linked Frameworks */,
				1058C7A2FEA54F0111CA2CBB /* Other Frameworks */,
			);
			name = Frameworks;
			sourceTree = "<group>";
		};
		3C0A8A9011FFF7EE0032CEDB /* Interface */ = {
			isa = PBXGroup;
			children = (
				3C0A8A8D11FFF7E80032CEDB /* Importer.xib */,
				3C8EED8611ED2E07003E7D9F /* DeckEditorWindow.nib */,
				3C31AF6E120B3C9B00ED4CDE /* Updater.xib */,
			);
			name = Interface;
			sourceTree = "<group>";
		};
		3C0A8A9111FFF80D0032CEDB /* Infos */ = {
			isa = PBXGroup;
			children = (
				3C31AF6D120B3C7500ED4CDE /* Yawgmoth Updater-Info.plist */,
				3C0A8A9911FFF8720032CEDB /* Info-importer.plist */,
				3C0A8A9511FFF8580032CEDB /* Info-10.5.plist */,
				3C0A8A9711FFF8640032CEDB /* Info-10.6.plist */,
				089C165CFE840E0CC02AAC07 /* InfoPlist.strings */,
			);
			name = Infos;
			sourceTree = "<group>";
		};
		3C1E539111F61E8B001FB0BF /* Yawgmoth */ = {
			isa = PBXGroup;
			children = (
				3C31AF72120B3D9F00ED4CDE /* Updater Classes */,
				3C9586B711FB7DE200E0F11E /* Models */,
				3C4EA4B511FFD8CC00F7F3CA /* Importer Classes */,
				080E96DDFE201D6D7F000001 /* Yawgmoth Classes */,
				29B97315FDCFA39411CA2CEA /* Other Sources */,
				29B97317FDCFA39411CA2CEA /* Resources */,
			);
			name = Yawgmoth;
			sourceTree = "<group>";
		};
		3C1E53A111F62186001FB0BF /* fmdb */ = {
			isa = PBXGroup;
			children = (
				3C0F85B811FCDF3C0043D7DD /* FMDatabase.h */,
				3C0F85B911FCDF3C0043D7DD /* FMDatabase.m */,
				3C0F85BA11FCDF3C0043D7DD /* FMDatabaseAdditions.h */,
				3C0F85BB11FCDF3C0043D7DD /* FMDatabaseAdditions.m */,
				3C0F85BC11FCDF3C0043D7DD /* FMResultSet.h */,
				3C0F85BD11FCDF3C0043D7DD /* FMResultSet.m */,
			);
			name = fmdb;
			sourceTree = "<group>";
		};
		3C31AF72120B3D9F00ED4CDE /* Updater Classes */ = {
			isa = PBXGroup;
			children = (
				3C31AF9E120B42EF00ED4CDE /* SIYUpdaterController.h */,
				3C31AF9F120B42F000ED4CDE /* SIYUpdaterController.m */,
			);
			name = "Updater Classes";
			sourceTree = "<group>";
		};
		3C31AFCA120B55FB00ED4CDE /* Sets */ = {
			isa = PBXGroup;
			children = (
				3C31AFCB120B560E00ED4CDE /* Alara Reborn.csv */,
				3C31AFCC120B560E00ED4CDE /* Conflux.csv */,
				3C31AFCD120B560E00ED4CDE /* M2010.csv */,
				3C31AFCE120B560E00ED4CDE /* M2011.csv */,
				3C31AFCF120B560E00ED4CDE /* Rise of the Eldrazi.csv */,
				3C31AFD0120B560E00ED4CDE /* Shards of Alara.csv */,
				3C31AFD1120B560E00ED4CDE /* Worldwake.csv */,
				3C31AFD2120B560E00ED4CDE /* Zendikar.csv */,
			);
			name = Sets;
			sourceTree = "<group>";
		};
		3C4EA4B511FFD8CC00F7F3CA /* Importer Classes */ = {
			isa = PBXGroup;
			children = (
				3C0A8A8511FFF7820032CEDB /* SIYImportController.h */,
				3C0A8A8611FFF7820032CEDB /* SIYImportController.m */,
			);
			name = "Importer Classes";
			sourceTree = "<group>";
		};
		3C9586B711FB7DE200E0F11E /* Models */ = {
			isa = PBXGroup;
			children = (
				3CE302BD120BFA730093FD1E /* SIYDataModel.xcdatamodel */,
			);
			name = Models;
			sourceTree = "<group>";
		};
/* End PBXGroup section */

/* Begin PBXNativeTarget section */
		3C006A8A11FF883C00C5C084 /* Yawgmoth-Importer */ = {
			isa = PBXNativeTarget;
			buildConfigurationList = 3C006A9011FF883E00C5C084 /* Build configuration list for PBXNativeTarget "Yawgmoth-Importer" */;
			buildPhases = (
				3C006A8711FF883C00C5C084 /* Resources */,
				3C006A8811FF883C00C5C084 /* Sources */,
				3C006A8911FF883C00C5C084 /* Frameworks */,
			);
			buildRules = (
			);
			dependencies = (
			);
			name = "Yawgmoth-Importer";
			productName = "Yawgmoth-Importer";
			productReference = 3C006A8B11FF883C00C5C084 /* Yawgmoth-Importer.app */;
			productType = "com.apple.product-type.application";
		};
		3C0F864711FD00300043D7DD /* Yawgmoth-10.6 */ = {
			isa = PBXNativeTarget;
			buildConfigurationList = 3C0F865711FD00300043D7DD /* Build configuration list for PBXNativeTarget "Yawgmoth-10.6" */;
			buildPhases = (
				3C0F864811FD00300043D7DD /* Resources */,
				3C0F864C11FD00300043D7DD /* Sources */,
				3C0F865411FD00300043D7DD /* Frameworks */,
			);
			buildRules = (
			);
			dependencies = (
			);
			name = "Yawgmoth-10.6";
			productInstallPath = "$(HOME)/Applications";
			productName = Yawgmoth;
			productReference = 3C0F865A11FD00300043D7DD /* Yawgmoth.app */;
			productType = "com.apple.product-type.application";
		};
		3C31AF66120B3BF000ED4CDE /* Yawgmoth Updater */ = {
			isa = PBXNativeTarget;
			buildConfigurationList = 3C31AF6C120B3BF100ED4CDE /* Build configuration list for PBXNativeTarget "Yawgmoth Updater" */;
			buildPhases = (
				3C31AF63120B3BF000ED4CDE /* Resources */,
				3C31AF64120B3BF000ED4CDE /* Sources */,
				3C31AF65120B3BF000ED4CDE /* Frameworks */,
			);
			buildRules = (
			);
			dependencies = (
			);
			name = "Yawgmoth Updater";
			productName = "Yawgmoth Updater";
			productReference = 3C31AF67120B3BF000ED4CDE /* Yawgmoth Updater.app */;
			productType = "com.apple.product-type.application";
		};
		8D1107260486CEB800E47090 /* Yawgmoth-10.5 */ = {
			isa = PBXNativeTarget;
			buildConfigurationList = C01FCF4A08A954540054247B /* Build configuration list for PBXNativeTarget "Yawgmoth-10.5" */;
			buildPhases = (
				8D1107290486CEB800E47090 /* Resources */,
				8D11072C0486CEB800E47090 /* Sources */,
				8D11072E0486CEB800E47090 /* Frameworks */,
			);
			buildRules = (
			);
			dependencies = (
			);
			name = "Yawgmoth-10.5";
			productInstallPath = "$(HOME)/Applications";
			productName = Yawgmoth;
			productReference = 8D1107320486CEB800E47090 /* Yawgmoth.app */;
			productType = "com.apple.product-type.application";
		};
/* End PBXNativeTarget section */

/* Begin PBXProject section */
		29B97313FDCFA39411CA2CEA /* Project object */ = {
			isa = PBXProject;
			buildConfigurationList = C01FCF4E08A954540054247B /* Build configuration list for PBXProject "Yawgmoth" */;
			compatibilityVersion = "Xcode 3.0";
			hasScannedForEncodings = 1;
			mainGroup = 29B97314FDCFA39411CA2CEA /* Yawgmoth */;
			projectDirPath = "";
			projectRoot = "";
			targets = (
				8D1107260486CEB800E47090 /* Yawgmoth-10.5 */,
				3C0F864711FD00300043D7DD /* Yawgmoth-10.6 */,
				3C006A8A11FF883C00C5C084 /* Yawgmoth-Importer */,
				3C31AF66120B3BF000ED4CDE /* Yawgmoth Updater */,
			);
		};
/* End PBXProject section */

/* Begin PBXResourcesBuildPhase section */
		3C006A8711FF883C00C5C084 /* Resources */ = {
			isa = PBXResourcesBuildPhase;
			buildActionMask = 2147483647;
			files = (
				3C006A9211FF894800C5C084 /* cards.db in Resources */,
				3C0A8A8F11FFF7E80032CEDB /* Importer.xib in Resources */,
			);
			runOnlyForDeploymentPostprocessing = 0;
		};
		3C0F864811FD00300043D7DD /* Resources */ = {
			isa = PBXResourcesBuildPhase;
			buildActionMask = 2147483647;
			files = (
				3C0F864911FD00300043D7DD /* InfoPlist.strings in Resources */,
				3C0F864A11FD00300043D7DD /* DeckEditorWindow.nib in Resources */,
				3C006B7A11FFC4BB00C5C084 /* storedata in Resources */,
				3CE30340120D63FF0093FD1E /* card-image-map in Resources */,
			);
			runOnlyForDeploymentPostprocessing = 0;
		};
		3C31AF63120B3BF000ED4CDE /* Resources */ = {
			isa = PBXResourcesBuildPhase;
			buildActionMask = 2147483647;
			files = (
				3C31AF70120B3C9B00ED4CDE /* Updater.xib in Resources */,
				3C31AFD3120B560E00ED4CDE /* Alara Reborn.csv in Resources */,
				3C31AFD4120B560E00ED4CDE /* Conflux.csv in Resources */,
				3C31AFD5120B560E00ED4CDE /* M2010.csv in Resources */,
				3C31AFD6120B560E00ED4CDE /* M2011.csv in Resources */,
				3C31AFD7120B560E00ED4CDE /* Rise of the Eldrazi.csv in Resources */,
				3C31AFD8120B560E00ED4CDE /* Shards of Alara.csv in Resources */,
				3C31AFD9120B560E00ED4CDE /* Worldwake.csv in Resources */,
				3C31AFDA120B560E00ED4CDE /* Zendikar.csv in Resources */,
			);
			runOnlyForDeploymentPostprocessing = 0;
		};
		8D1107290486CEB800E47090 /* Resources */ = {
			isa = PBXResourcesBuildPhase;
			buildActionMask = 2147483647;
			files = (
				8D11072B0486CEB800E47090 /* InfoPlist.strings in Resources */,
				3C8EED8811ED2E07003E7D9F /* DeckEditorWindow.nib in Resources */,
				3C006B7B11FFC4BB00C5C084 /* storedata in Resources */,
				3CE30341120D63FF0093FD1E /* card-image-map in Resources */,
			);
			runOnlyForDeploymentPostprocessing = 0;
		};
/* End PBXResourcesBuildPhase section */

/* Begin PBXSourcesBuildPhase section */
		3C006A8811FF883C00C5C084 /* Sources */ = {
			isa = PBXSourcesBuildPhase;
			buildActionMask = 2147483647;
			files = (
				3C006AE511FF925200C5C084 /* main.m in Sources */,
				3C006ADF11FF922E00C5C084 /* FMDatabase.m in Sources */,
				3C006AE011FF922E00C5C084 /* FMDatabaseAdditions.m in Sources */,
				3C006AE111FF922E00C5C084 /* FMResultSet.m in Sources */,
				3C0A8A8711FFF7820032CEDB /* SIYImportController.m in Sources */,
				3CE302C0120BFA730093FD1E /* SIYDataModel.xcdatamodel in Sources */,
			);
			runOnlyForDeploymentPostprocessing = 0;
		};
		3C0F864C11FD00300043D7DD /* Sources */ = {
			isa = PBXSourcesBuildPhase;
			buildActionMask = 2147483647;
			files = (
				3C0F864D11FD00300043D7DD /* SIYController.m in Sources */,
				3C0F864F11FD00300043D7DD /* main.m in Sources */,
				3CBD2D3C11FE2E5300DE9543 /* SIYCardImageManager.m in Sources */,
				3CE302BE120BFA730093FD1E /* SIYDataModel.xcdatamodel in Sources */,
			);
			runOnlyForDeploymentPostprocessing = 0;
		};
		3C31AF64120B3BF000ED4CDE /* Sources */ = {
			isa = PBXSourcesBuildPhase;
			buildActionMask = 2147483647;
			files = (
				3C31AF8F120B429C00ED4CDE /* main.m in Sources */,
				3C31AFA0120B42F000ED4CDE /* SIYUpdaterController.m in Sources */,
				3CE302C1120BFA730093FD1E /* SIYDataModel.xcdatamodel in Sources */,
			);
			runOnlyForDeploymentPostprocessing = 0;
		};
		8D11072C0486CEB800E47090 /* Sources */ = {
			isa = PBXSourcesBuildPhase;
			buildActionMask = 2147483647;
			files = (
				3C1E539A11F620F9001FB0BF /* SIYController.m in Sources */,
				3C1E539D11F6212E001FB0BF /* main.m in Sources */,
				3CBD2D3B11FE2E5300DE9543 /* SIYCardImageManager.m in Sources */,
				3CE302BF120BFA730093FD1E /* SIYDataModel.xcdatamodel in Sources */,
			);
			runOnlyForDeploymentPostprocessing = 0;
		};
/* End PBXSourcesBuildPhase section */

/* Begin PBXVariantGroup section */
		089C165CFE840E0CC02AAC07 /* InfoPlist.strings */ = {
			isa = PBXVariantGroup;
			children = (
				089C165DFE840E0CC02AAC07 /* English */,
			);
			name = InfoPlist.strings;
			sourceTree = "<group>";
		};
		3C0A8A8D11FFF7E80032CEDB /* Importer.xib */ = {
			isa = PBXVariantGroup;
			children = (
				3C0A8A8E11FFF7E80032CEDB /* English */,
			);
			name = Importer.xib;
			sourceTree = "<group>";
		};
		3C31AF6E120B3C9B00ED4CDE /* Updater.xib */ = {
			isa = PBXVariantGroup;
			children = (
				3C31AF6F120B3C9B00ED4CDE /* English */,
			);
			name = Updater.xib;
			sourceTree = "<group>";
		};
		3C8EED8611ED2E07003E7D9F /* DeckEditorWindow.nib */ = {
			isa = PBXVariantGroup;
			children = (
				3C8EED8711ED2E07003E7D9F /* English */,
			);
			name = DeckEditorWindow.nib;
			sourceTree = "<group>";
		};
/* End PBXVariantGroup section */

/* Begin XCBuildConfiguration section */
		3C006A8E11FF883D00C5C084 /* Debug */ = {
			isa = XCBuildConfiguration;
			buildSettings = {
				ALWAYS_SEARCH_USER_PATHS = NO;
				COPY_PHASE_STRIP = NO;
				GCC_DYNAMIC_NO_PIC = NO;
				GCC_ENABLE_FIX_AND_CONTINUE = YES;
				GCC_MODEL_TUNING = G5;
				GCC_OPTIMIZATION_LEVEL = 0;
				GCC_PRECOMPILE_PREFIX_HEADER = YES;
				GCC_PREFIX_HEADER = Yawgmoth_Prefix.pch;
				INFOPLIST_FILE = "res/Info-importer.plist";
				INSTALL_PATH = "$(HOME)/Applications";
				OTHER_LDFLAGS = (
					"-framework",
					Foundation,
					"-framework",
					AppKit,
				);
				PREBINDING = NO;
				PRODUCT_NAME = "Yawgmoth-Importer";
			};
			name = Debug;
		};
		3C006A8F11FF883D00C5C084 /* Release */ = {
			isa = XCBuildConfiguration;
			buildSettings = {
				ALWAYS_SEARCH_USER_PATHS = NO;
				COPY_PHASE_STRIP = YES;
				DEBUG_INFORMATION_FORMAT = "dwarf-with-dsym";
				GCC_ENABLE_FIX_AND_CONTINUE = NO;
				GCC_MODEL_TUNING = G5;
				GCC_PRECOMPILE_PREFIX_HEADER = YES;
				GCC_PREFIX_HEADER = "$(SYSTEM_LIBRARY_DIR)/Frameworks/AppKit.framework/Headers/AppKit.h";
				INFOPLIST_FILE = "res/Info-importer.plist";
				INSTALL_PATH = "$(HOME)/Applications";
				OTHER_LDFLAGS = (
					"-framework",
					Foundation,
					"-framework",
					AppKit,
				);
				PREBINDING = NO;
				PRODUCT_NAME = "Yawgmoth-Importer";
				ZERO_LINK = NO;
			};
			name = Release;
		};
		3C0F865811FD00300043D7DD /* Debug */ = {
			isa = XCBuildConfiguration;
			buildSettings = {
				COPY_PHASE_STRIP = NO;
				FRAMEWORK_SEARCH_PATHS = (
					"$(inherited)",
					"\\\"$(DEVELOPER_FRAMEWORKS_DIR)\\\"",
				);
				GCC_DYNAMIC_NO_PIC = NO;
				GCC_ENABLE_FIX_AND_CONTINUE = YES;
				GCC_MODEL_TUNING = G5;
				GCC_OPTIMIZATION_LEVEL = 0;
				GCC_PRECOMPILE_PREFIX_HEADER = YES;
				GCC_PREFIX_HEADER = Yawgmoth_Prefix.pch;
				INFOPLIST_FILE = "res/Info-10.6.plist";
				INSTALL_PATH = "$(HOME)/Applications";
				PRODUCT_NAME = Yawgmoth;
				SDKROOT = "$(DEVELOPER_SDK_DIR)/MacOSX10.6.sdk";
				WRAPPER_EXTENSION = app;
				ZERO_LINK = YES;
			};
			name = Debug;
		};
		3C0F865911FD00300043D7DD /* Release */ = {
			isa = XCBuildConfiguration;
			buildSettings = {
				DEBUG_INFORMATION_FORMAT = "dwarf-with-dsym";
				FRAMEWORK_SEARCH_PATHS = (
					"$(inherited)",
					"\\\"$(DEVELOPER_FRAMEWORKS_DIR)\\\"",
				);
				GCC_MODEL_TUNING = G5;
				GCC_PRECOMPILE_PREFIX_HEADER = YES;
				GCC_PREFIX_HEADER = Yawgmoth_Prefix.pch;
				INFOPLIST_FILE = "res/Info-10.6.plist";
				INSTALL_PATH = "$(HOME)/Applications";
				PRODUCT_NAME = Yawgmoth;
				SDKROOT = "$(DEVELOPER_SDK_DIR)/MacOSX10.6.sdk";
				WRAPPER_EXTENSION = app;
			};
			name = Release;
		};
		3C31AF6A120B3BF100ED4CDE /* Debug */ = {
			isa = XCBuildConfiguration;
			buildSettings = {
				ALWAYS_SEARCH_USER_PATHS = NO;
				COPY_PHASE_STRIP = NO;
				GCC_DYNAMIC_NO_PIC = NO;
				GCC_ENABLE_FIX_AND_CONTINUE = YES;
				GCC_MODEL_TUNING = G5;
				GCC_OPTIMIZATION_LEVEL = 0;
				GCC_PRECOMPILE_PREFIX_HEADER = YES;
				GCC_PREFIX_HEADER = Yawgmoth_Prefix.pch;
				INFOPLIST_FILE = "res/Yawgmoth Updater-Info.plist";
				INSTALL_PATH = "$(HOME)/Applications";
				OTHER_LDFLAGS = (
					"-framework",
					Foundation,
					"-framework",
					AppKit,
				);
				PREBINDING = NO;
				PRODUCT_NAME = "Yawgmoth Updater";
			};
			name = Debug;
		};
		3C31AF6B120B3BF100ED4CDE /* Release */ = {
			isa = XCBuildConfiguration;
			buildSettings = {
				ALWAYS_SEARCH_USER_PATHS = NO;
				COPY_PHASE_STRIP = YES;
				DEBUG_INFORMATION_FORMAT = "dwarf-with-dsym";
				GCC_ENABLE_FIX_AND_CONTINUE = NO;
				GCC_MODEL_TUNING = G5;
				GCC_PRECOMPILE_PREFIX_HEADER = YES;
				GCC_PREFIX_HEADER = "$(SYSTEM_LIBRARY_DIR)/Frameworks/AppKit.framework/Headers/AppKit.h";
				INFOPLIST_FILE = "Yawgmoth Updater-Info.plist";
				INSTALL_PATH = "$(HOME)/Applications";
				OTHER_LDFLAGS = (
					"-framework",
					Foundation,
					"-framework",
					AppKit,
				);
				PREBINDING = NO;
				PRODUCT_NAME = "Yawgmoth Updater";
				ZERO_LINK = NO;
			};
			name = Release;
		};
		C01FCF4B08A954540054247B /* Debug */ = {
			isa = XCBuildConfiguration;
			buildSettings = {
				COPY_PHASE_STRIP = NO;
				FRAMEWORK_SEARCH_PATHS = (
					"$(inherited)",
					"\"$(DEVELOPER_FRAMEWORKS_DIR)\"",
				);
				GCC_DYNAMIC_NO_PIC = NO;
				GCC_ENABLE_FIX_AND_CONTINUE = YES;
				GCC_MODEL_TUNING = G5;
				GCC_OPTIMIZATION_LEVEL = 0;
				GCC_PRECOMPILE_PREFIX_HEADER = YES;
				GCC_PREFIX_HEADER = Yawgmoth_Prefix.pch;
				INFOPLIST_FILE = "res/Info-10.5.plist";
				INSTALL_PATH = "$(HOME)/Applications";
				PRODUCT_NAME = Yawgmoth;
				WRAPPER_EXTENSION = app;
				ZERO_LINK = YES;
			};
			name = Debug;
		};
		C01FCF4C08A954540054247B /* Release */ = {
			isa = XCBuildConfiguration;
			buildSettings = {
				DEBUG_INFORMATION_FORMAT = "dwarf-with-dsym";
				FRAMEWORK_SEARCH_PATHS = (
					"$(inherited)",
					"\"$(DEVELOPER_FRAMEWORKS_DIR)\"",
				);
				GCC_MODEL_TUNING = G5;
				GCC_PRECOMPILE_PREFIX_HEADER = YES;
				GCC_PREFIX_HEADER = Yawgmoth_Prefix.pch;
				INFOPLIST_FILE = "res/Info-10.5.plist";
				INSTALL_PATH = "$(HOME)/Applications";
				PRODUCT_NAME = Yawgmoth;
				WRAPPER_EXTENSION = app;
			};
			name = Release;
		};
		C01FCF4F08A954540054247B /* Debug */ = {
			isa = XCBuildConfiguration;
			buildSettings = {
				GCC_WARN_ABOUT_RETURN_TYPE = YES;
				GCC_WARN_UNUSED_VARIABLE = YES;
				PREBINDING = NO;
				SDKROOT = "$(DEVELOPER_SDK_DIR)/MacOSX10.5.sdk";
			};
			name = Debug;
		};
		C01FCF5008A954540054247B /* Release */ = {
			isa = XCBuildConfiguration;
			buildSettings = {
				ARCHS = (
					ppc,
					i386,
				);
				GCC_WARN_ABOUT_RETURN_TYPE = YES;
				GCC_WARN_UNUSED_VARIABLE = YES;
				PREBINDING = NO;
				SDKROOT = "$(DEVELOPER_SDK_DIR)/MacOSX10.5.sdk";
			};
			name = Release;
		};
/* End XCBuildConfiguration section */

/* Begin XCConfigurationList section */
		3C006A9011FF883E00C5C084 /* Build configuration list for PBXNativeTarget "Yawgmoth-Importer" */ = {
			isa = XCConfigurationList;
			buildConfigurations = (
				3C006A8E11FF883D00C5C084 /* Debug */,
				3C006A8F11FF883D00C5C084 /* Release */,
			);
			defaultConfigurationIsVisible = 0;
			defaultConfigurationName = Release;
		};
		3C0F865711FD00300043D7DD /* Build configuration list for PBXNativeTarget "Yawgmoth-10.6" */ = {
			isa = XCConfigurationList;
			buildConfigurations = (
				3C0F865811FD00300043D7DD /* Debug */,
				3C0F865911FD00300043D7DD /* Release */,
			);
			defaultConfigurationIsVisible = 0;
			defaultConfigurationName = Release;
		};
		3C31AF6C120B3BF100ED4CDE /* Build configuration list for PBXNativeTarget "Yawgmoth Updater" */ = {
			isa = XCConfigurationList;
			buildConfigurations = (
				3C31AF6A120B3BF100ED4CDE /* Debug */,
				3C31AF6B120B3BF100ED4CDE /* Release */,
			);
			defaultConfigurationIsVisible = 0;
			defaultConfigurationName = Release;
		};
		C01FCF4A08A954540054247B /* Build configuration list for PBXNativeTarget "Yawgmoth-10.5" */ = {
			isa = XCConfigurationList;
			buildConfigurations = (
				C01FCF4B08A954540054247B /* Debug */,
				C01FCF4C08A954540054247B /* Release */,
			);
			defaultConfigurationIsVisible = 0;
			defaultConfigurationName = Release;
		};
		C01FCF4E08A954540054247B /* Build configuration list for PBXProject "Yawgmoth" */ = {
			isa = XCConfigurationList;
			buildConfigurations = (
				C01FCF4F08A954540054247B /* Debug */,
				C01FCF5008A954540054247B /* Release */,
			);
			defaultConfigurationIsVisible = 0;
			defaultConfigurationName = Release;
		};
/* End XCConfigurationList section */
	};
	rootObject = 29B97313FDCFA39411CA2CEA /* Project object */;
}
