// !$*UTF8*$!
{
	archiveVersion = 1;
	classes = {
	};
	objectVersion = 44;
	objects = {

/* Begin PBXBuildFile section */
		3C006A9211FF894800C5C084 /* cards.db in Resources */ = {isa = PBXBuildFile; fileRef = 3C180E3D11FE918A00235976 /* cards.db */; };
		3C006A9311FF896700C5C084 /* libsqlite3.dylib in Frameworks */ = {isa = PBXBuildFile; fileRef = 3C8CA05F11F254B6009A1443 /* libsqlite3.dylib */; };
		3C006AA111FF899800C5C084 /* SIYCardDatabase.m in Sources */ = {isa = PBXBuildFile; fileRef = 3C89838911F9698F00AABCEE /* SIYCardDatabase.m */; };
		3C006AA411FF89BD00C5C084 /* SIYImportController.m in Sources */ = {isa = PBXBuildFile; fileRef = 3C006AA311FF89BD00C5C084 /* SIYImportController.m */; };
		3C006AA611FF89DD00C5C084 /* Importer.xib in Resources */ = {isa = PBXBuildFile; fileRef = 3C006AA511FF89DD00C5C084 /* Importer.xib */; };
		3C006ABE11FF914B00C5C084 /* Cocoa.framework in Frameworks */ = {isa = PBXBuildFile; fileRef = 1058C7A1FEA54F0111CA2CBB /* Cocoa.framework */; };
		3C006ADF11FF922E00C5C084 /* FMDatabase.m in Sources */ = {isa = PBXBuildFile; fileRef = 3C0F85B911FCDF3C0043D7DD /* FMDatabase.m */; };
		3C006AE011FF922E00C5C084 /* FMDatabaseAdditions.m in Sources */ = {isa = PBXBuildFile; fileRef = 3C0F85BB11FCDF3C0043D7DD /* FMDatabaseAdditions.m */; };
		3C006AE111FF922E00C5C084 /* FMResultSet.m in Sources */ = {isa = PBXBuildFile; fileRef = 3C0F85BD11FCDF3C0043D7DD /* FMResultSet.m */; };
		3C006AE511FF925200C5C084 /* main.m in Sources */ = {isa = PBXBuildFile; fileRef = 3C1E539C11F6212E001FB0BF /* main.m */; };
		3C006B0811FF931B00C5C084 /* SIYDataModel.xcdatamodel in Sources */ = {isa = PBXBuildFile; fileRef = 3C1E539911F620F9001FB0BF /* SIYDataModel.xcdatamodel */; };
		3C006B7A11FFC4BB00C5C084 /* storedata in Resources */ = {isa = PBXBuildFile; fileRef = 3C006B7911FFC4BB00C5C084 /* storedata */; };
		3C006B7B11FFC4BB00C5C084 /* storedata in Resources */ = {isa = PBXBuildFile; fileRef = 3C006B7911FFC4BB00C5C084 /* storedata */; };
		3C0F864911FD00300043D7DD /* InfoPlist.strings in Resources */ = {isa = PBXBuildFile; fileRef = 089C165CFE840E0CC02AAC07 /* InfoPlist.strings */; };
		3C0F864A11FD00300043D7DD /* DeckEditorWindow.nib in Resources */ = {isa = PBXBuildFile; fileRef = 3C8EED8611ED2E07003E7D9F /* DeckEditorWindow.nib */; };
		3C0F864D11FD00300043D7DD /* SIYController.m in Sources */ = {isa = PBXBuildFile; fileRef = 3C1E539811F620F9001FB0BF /* SIYController.m */; };
		3C0F864E11FD00300043D7DD /* SIYDataModel.xcdatamodel in Sources */ = {isa = PBXBuildFile; fileRef = 3C1E539911F620F9001FB0BF /* SIYDataModel.xcdatamodel */; };
		3C0F864F11FD00300043D7DD /* main.m in Sources */ = {isa = PBXBuildFile; fileRef = 3C1E539C11F6212E001FB0BF /* main.m */; };
		3C0F865511FD00300043D7DD /* libsqlite3.dylib in Frameworks */ = {isa = PBXBuildFile; fileRef = 3C8CA05F11F254B6009A1443 /* libsqlite3.dylib */; };
		3C0F865611FD00300043D7DD /* Cocoa.framework in Frameworks */ = {isa = PBXBuildFile; fileRef = 1058C7A1FEA54F0111CA2CBB /* Cocoa.framework */; };
		3C180E4211FEA00D00235976 /* TSVParser.m in Sources */ = {isa = PBXBuildFile; fileRef = 3C180E4111FEA00D00235976 /* TSVParser.m */; };
		3C180E4311FEA00D00235976 /* TSVParser.m in Sources */ = {isa = PBXBuildFile; fileRef = 3C180E4111FEA00D00235976 /* TSVParser.m */; };
		3C180EB511FEA65000235976 /* card-pictures_a.txt in Resources */ = {isa = PBXBuildFile; fileRef = 3C180E7F11FEA65000235976 /* card-pictures_a.txt */; };
		3C180EB611FEA65000235976 /* card-pictures_b.txt in Resources */ = {isa = PBXBuildFile; fileRef = 3C180E8011FEA65000235976 /* card-pictures_b.txt */; };
		3C180EB711FEA65000235976 /* card-pictures_c.txt in Resources */ = {isa = PBXBuildFile; fileRef = 3C180E8111FEA65000235976 /* card-pictures_c.txt */; };
		3C180EB811FEA65000235976 /* card-pictures_d.txt in Resources */ = {isa = PBXBuildFile; fileRef = 3C180E8211FEA65000235976 /* card-pictures_d.txt */; };
		3C180EB911FEA65000235976 /* card-pictures_e.txt in Resources */ = {isa = PBXBuildFile; fileRef = 3C180E8311FEA65000235976 /* card-pictures_e.txt */; };
		3C180EBA11FEA65000235976 /* card-pictures_f.txt in Resources */ = {isa = PBXBuildFile; fileRef = 3C180E8411FEA65000235976 /* card-pictures_f.txt */; };
		3C180EBB11FEA65000235976 /* card-pictures_g.txt in Resources */ = {isa = PBXBuildFile; fileRef = 3C180E8511FEA65000235976 /* card-pictures_g.txt */; };
		3C180EBC11FEA65000235976 /* card-pictures_h.txt in Resources */ = {isa = PBXBuildFile; fileRef = 3C180E8611FEA65000235976 /* card-pictures_h.txt */; };
		3C180EBD11FEA65000235976 /* card-pictures_i.txt in Resources */ = {isa = PBXBuildFile; fileRef = 3C180E8711FEA65000235976 /* card-pictures_i.txt */; };
		3C180EBE11FEA65000235976 /* card-pictures_j.txt in Resources */ = {isa = PBXBuildFile; fileRef = 3C180E8811FEA65000235976 /* card-pictures_j.txt */; };
		3C180EBF11FEA65000235976 /* card-pictures_k.txt in Resources */ = {isa = PBXBuildFile; fileRef = 3C180E8911FEA65000235976 /* card-pictures_k.txt */; };
		3C180EC011FEA65000235976 /* card-pictures_l.txt in Resources */ = {isa = PBXBuildFile; fileRef = 3C180E8A11FEA65000235976 /* card-pictures_l.txt */; };
		3C180EC111FEA65000235976 /* card-pictures_m.txt in Resources */ = {isa = PBXBuildFile; fileRef = 3C180E8B11FEA65000235976 /* card-pictures_m.txt */; };
		3C180EC211FEA65000235976 /* card-pictures_n.txt in Resources */ = {isa = PBXBuildFile; fileRef = 3C180E8C11FEA65000235976 /* card-pictures_n.txt */; };
		3C180EC311FEA65000235976 /* card-pictures_o.txt in Resources */ = {isa = PBXBuildFile; fileRef = 3C180E8D11FEA65000235976 /* card-pictures_o.txt */; };
		3C180EC411FEA65000235976 /* card-pictures_other.txt in Resources */ = {isa = PBXBuildFile; fileRef = 3C180E8E11FEA65000235976 /* card-pictures_other.txt */; };
		3C180EC511FEA65000235976 /* card-pictures_p.txt in Resources */ = {isa = PBXBuildFile; fileRef = 3C180E8F11FEA65000235976 /* card-pictures_p.txt */; };
		3C180EC611FEA65000235976 /* card-pictures_q.txt in Resources */ = {isa = PBXBuildFile; fileRef = 3C180E9011FEA65000235976 /* card-pictures_q.txt */; };
		3C180EC711FEA65000235976 /* card-pictures_r.txt in Resources */ = {isa = PBXBuildFile; fileRef = 3C180E9111FEA65000235976 /* card-pictures_r.txt */; };
		3C180EC811FEA65000235976 /* card-pictures_s.txt in Resources */ = {isa = PBXBuildFile; fileRef = 3C180E9211FEA65000235976 /* card-pictures_s.txt */; };
		3C180EC911FEA65000235976 /* card-pictures_t.txt in Resources */ = {isa = PBXBuildFile; fileRef = 3C180E9311FEA65000235976 /* card-pictures_t.txt */; };
		3C180ECA11FEA65000235976 /* card-pictures_u.txt in Resources */ = {isa = PBXBuildFile; fileRef = 3C180E9411FEA65000235976 /* card-pictures_u.txt */; };
		3C180ECB11FEA65000235976 /* card-pictures_v.txt in Resources */ = {isa = PBXBuildFile; fileRef = 3C180E9511FEA65000235976 /* card-pictures_v.txt */; };
		3C180ECC11FEA65000235976 /* card-pictures_w.txt in Resources */ = {isa = PBXBuildFile; fileRef = 3C180E9611FEA65000235976 /* card-pictures_w.txt */; };
		3C180ECD11FEA65000235976 /* card-pictures_x.txt in Resources */ = {isa = PBXBuildFile; fileRef = 3C180E9711FEA65000235976 /* card-pictures_x.txt */; };
		3C180ECE11FEA65000235976 /* card-pictures_y.txt in Resources */ = {isa = PBXBuildFile; fileRef = 3C180E9811FEA65000235976 /* card-pictures_y.txt */; };
		3C180ECF11FEA65000235976 /* card-pictures_z.txt in Resources */ = {isa = PBXBuildFile; fileRef = 3C180E9911FEA65000235976 /* card-pictures_z.txt */; };
		3C1E539A11F620F9001FB0BF /* SIYController.m in Sources */ = {isa = PBXBuildFile; fileRef = 3C1E539811F620F9001FB0BF /* SIYController.m */; };
		3C1E539B11F620F9001FB0BF /* SIYDataModel.xcdatamodel in Sources */ = {isa = PBXBuildFile; fileRef = 3C1E539911F620F9001FB0BF /* SIYDataModel.xcdatamodel */; };
		3C1E539D11F6212E001FB0BF /* main.m in Sources */ = {isa = PBXBuildFile; fileRef = 3C1E539C11F6212E001FB0BF /* main.m */; };
		3C4EA47311FFC90200F7F3CA /* libsqlite3.dylib in Frameworks */ = {isa = PBXBuildFile; fileRef = 3C8CA05F11F254B6009A1443 /* libsqlite3.dylib */; };
		3C8EED8811ED2E07003E7D9F /* DeckEditorWindow.nib in Resources */ = {isa = PBXBuildFile; fileRef = 3C8EED8611ED2E07003E7D9F /* DeckEditorWindow.nib */; };
		3CBD2D3B11FE2E5300DE9543 /* SIYCardImageManager.m in Sources */ = {isa = PBXBuildFile; fileRef = 3CBD2D3A11FE2E5300DE9543 /* SIYCardImageManager.m */; };
		3CBD2D3C11FE2E5300DE9543 /* SIYCardImageManager.m in Sources */ = {isa = PBXBuildFile; fileRef = 3CBD2D3A11FE2E5300DE9543 /* SIYCardImageManager.m */; };
		3CD2826E11FECE2F00042B4B /* card-pictures_a.txt in Resources */ = {isa = PBXBuildFile; fileRef = 3C180E7F11FEA65000235976 /* card-pictures_a.txt */; };
		3CD2826F11FECE2F00042B4B /* card-pictures_b.txt in Resources */ = {isa = PBXBuildFile; fileRef = 3C180E8011FEA65000235976 /* card-pictures_b.txt */; };
		3CD2827011FECE2F00042B4B /* card-pictures_c.txt in Resources */ = {isa = PBXBuildFile; fileRef = 3C180E8111FEA65000235976 /* card-pictures_c.txt */; };
		3CD2827111FECE2F00042B4B /* card-pictures_d.txt in Resources */ = {isa = PBXBuildFile; fileRef = 3C180E8211FEA65000235976 /* card-pictures_d.txt */; };
		3CD2827211FECE2F00042B4B /* card-pictures_e.txt in Resources */ = {isa = PBXBuildFile; fileRef = 3C180E8311FEA65000235976 /* card-pictures_e.txt */; };
		3CD2827311FECE2F00042B4B /* card-pictures_f.txt in Resources */ = {isa = PBXBuildFile; fileRef = 3C180E8411FEA65000235976 /* card-pictures_f.txt */; };
		3CD2827411FECE2F00042B4B /* card-pictures_g.txt in Resources */ = {isa = PBXBuildFile; fileRef = 3C180E8511FEA65000235976 /* card-pictures_g.txt */; };
		3CD2827511FECE2F00042B4B /* card-pictures_h.txt in Resources */ = {isa = PBXBuildFile; fileRef = 3C180E8611FEA65000235976 /* card-pictures_h.txt */; };
		3CD2827611FECE2F00042B4B /* card-pictures_i.txt in Resources */ = {isa = PBXBuildFile; fileRef = 3C180E8711FEA65000235976 /* card-pictures_i.txt */; };
		3CD2827711FECE2F00042B4B /* card-pictures_j.txt in Resources */ = {isa = PBXBuildFile; fileRef = 3C180E8811FEA65000235976 /* card-pictures_j.txt */; };
		3CD2827811FECE2F00042B4B /* card-pictures_k.txt in Resources */ = {isa = PBXBuildFile; fileRef = 3C180E8911FEA65000235976 /* card-pictures_k.txt */; };
		3CD2827911FECE2F00042B4B /* card-pictures_l.txt in Resources */ = {isa = PBXBuildFile; fileRef = 3C180E8A11FEA65000235976 /* card-pictures_l.txt */; };
		3CD2827A11FECE2F00042B4B /* card-pictures_m.txt in Resources */ = {isa = PBXBuildFile; fileRef = 3C180E8B11FEA65000235976 /* card-pictures_m.txt */; };
		3CD2827B11FECE2F00042B4B /* card-pictures_n.txt in Resources */ = {isa = PBXBuildFile; fileRef = 3C180E8C11FEA65000235976 /* card-pictures_n.txt */; };
		3CD2827C11FECE2F00042B4B /* card-pictures_o.txt in Resources */ = {isa = PBXBuildFile; fileRef = 3C180E8D11FEA65000235976 /* card-pictures_o.txt */; };
		3CD2827D11FECE2F00042B4B /* card-pictures_other.txt in Resources */ = {isa = PBXBuildFile; fileRef = 3C180E8E11FEA65000235976 /* card-pictures_other.txt */; };
		3CD2827E11FECE2F00042B4B /* card-pictures_p.txt in Resources */ = {isa = PBXBuildFile; fileRef = 3C180E8F11FEA65000235976 /* card-pictures_p.txt */; };
		3CD2827F11FECE2F00042B4B /* card-pictures_q.txt in Resources */ = {isa = PBXBuildFile; fileRef = 3C180E9011FEA65000235976 /* card-pictures_q.txt */; };
		3CD2828011FECE2F00042B4B /* card-pictures_r.txt in Resources */ = {isa = PBXBuildFile; fileRef = 3C180E9111FEA65000235976 /* card-pictures_r.txt */; };
		3CD2828111FECE2F00042B4B /* card-pictures_s.txt in Resources */ = {isa = PBXBuildFile; fileRef = 3C180E9211FEA65000235976 /* card-pictures_s.txt */; };
		3CD2828211FECE2F00042B4B /* card-pictures_t.txt in Resources */ = {isa = PBXBuildFile; fileRef = 3C180E9311FEA65000235976 /* card-pictures_t.txt */; };
		3CD2828311FECE2F00042B4B /* card-pictures_u.txt in Resources */ = {isa = PBXBuildFile; fileRef = 3C180E9411FEA65000235976 /* card-pictures_u.txt */; };
		3CD2828411FECE2F00042B4B /* card-pictures_v.txt in Resources */ = {isa = PBXBuildFile; fileRef = 3C180E9511FEA65000235976 /* card-pictures_v.txt */; };
		3CD2828511FECE2F00042B4B /* card-pictures_w.txt in Resources */ = {isa = PBXBuildFile; fileRef = 3C180E9611FEA65000235976 /* card-pictures_w.txt */; };
		3CD2828611FECE2F00042B4B /* card-pictures_x.txt in Resources */ = {isa = PBXBuildFile; fileRef = 3C180E9711FEA65000235976 /* card-pictures_x.txt */; };
		3CD2828711FECE2F00042B4B /* card-pictures_y.txt in Resources */ = {isa = PBXBuildFile; fileRef = 3C180E9811FEA65000235976 /* card-pictures_y.txt */; };
		3CD2828811FECE2F00042B4B /* card-pictures_z.txt in Resources */ = {isa = PBXBuildFile; fileRef = 3C180E9911FEA65000235976 /* card-pictures_z.txt */; };
		8D11072B0486CEB800E47090 /* InfoPlist.strings in Resources */ = {isa = PBXBuildFile; fileRef = 089C165CFE840E0CC02AAC07 /* InfoPlist.strings */; };
		8D11072F0486CEB800E47090 /* Cocoa.framework in Frameworks */ = {isa = PBXBuildFile; fileRef = 1058C7A1FEA54F0111CA2CBB /* Cocoa.framework */; };
/* End PBXBuildFile section */

/* Begin PBXFileReference section */
		089C165DFE840E0CC02AAC07 /* English */ = {isa = PBXFileReference; fileEncoding = 10; lastKnownFileType = text.plist.strings; name = English; path = English.lproj/InfoPlist.strings; sourceTree = "<group>"; };
		1058C7A1FEA54F0111CA2CBB /* Cocoa.framework */ = {isa = PBXFileReference; lastKnownFileType = wrapper.framework; name = Cocoa.framework; path = /System/Library/Frameworks/Cocoa.framework; sourceTree = "<absolute>"; };
		13E42FB307B3F0F600E4EEF1 /* CoreData.framework */ = {isa = PBXFileReference; lastKnownFileType = wrapper.framework; name = CoreData.framework; path = /System/Library/Frameworks/CoreData.framework; sourceTree = "<absolute>"; };
		29B97324FDCFA39411CA2CEA /* AppKit.framework */ = {isa = PBXFileReference; lastKnownFileType = wrapper.framework; name = AppKit.framework; path = /System/Library/Frameworks/AppKit.framework; sourceTree = "<absolute>"; };
		29B97325FDCFA39411CA2CEA /* Foundation.framework */ = {isa = PBXFileReference; lastKnownFileType = wrapper.framework; name = Foundation.framework; path = /System/Library/Frameworks/Foundation.framework; sourceTree = "<absolute>"; };
		32CA4F630368D1EE00C91783 /* Yawgmoth_Prefix.pch */ = {isa = PBXFileReference; fileEncoding = 4; lastKnownFileType = sourcecode.c.h; path = Yawgmoth_Prefix.pch; sourceTree = "<group>"; };
		3C006A8B11FF883C00C5C084 /* Yawgmoth-Importer.app */ = {isa = PBXFileReference; explicitFileType = wrapper.application; includeInIndex = 0; path = "Yawgmoth-Importer.app"; sourceTree = BUILT_PRODUCTS_DIR; };
		3C006A8D11FF883C00C5C084 /* Info-importer.plist */ = {isa = PBXFileReference; lastKnownFileType = text.plist.xml; path = "Info-importer.plist"; sourceTree = "<group>"; };
		3C006AA211FF89BD00C5C084 /* SIYImportController.h */ = {isa = PBXFileReference; fileEncoding = 4; lastKnownFileType = sourcecode.c.h; path = SIYImportController.h; sourceTree = "<group>"; };
		3C006AA311FF89BD00C5C084 /* SIYImportController.m */ = {isa = PBXFileReference; fileEncoding = 4; lastKnownFileType = sourcecode.c.objc; path = SIYImportController.m; sourceTree = "<group>"; };
		3C006AA511FF89DD00C5C084 /* Importer.xib */ = {isa = PBXFileReference; lastKnownFileType = file.xib; path = Importer.xib; sourceTree = "<group>"; };
		3C006B7911FFC4BB00C5C084 /* storedata */ = {isa = PBXFileReference; lastKnownFileType = file; name = storedata; path = res/storedata; sourceTree = "<group>"; };
		3C0F85B811FCDF3C0043D7DD /* FMDatabase.h */ = {isa = PBXFileReference; fileEncoding = 4; lastKnownFileType = sourcecode.c.h; name = FMDatabase.h; path = src/fmdb.git/src/FMDatabase.h; sourceTree = "<group>"; };
		3C0F85B911FCDF3C0043D7DD /* FMDatabase.m */ = {isa = PBXFileReference; fileEncoding = 4; lastKnownFileType = sourcecode.c.objc; name = FMDatabase.m; path = src/fmdb.git/src/FMDatabase.m; sourceTree = "<group>"; };
		3C0F85BA11FCDF3C0043D7DD /* FMDatabaseAdditions.h */ = {isa = PBXFileReference; fileEncoding = 4; lastKnownFileType = sourcecode.c.h; name = FMDatabaseAdditions.h; path = src/fmdb.git/src/FMDatabaseAdditions.h; sourceTree = "<group>"; };
		3C0F85BB11FCDF3C0043D7DD /* FMDatabaseAdditions.m */ = {isa = PBXFileReference; fileEncoding = 4; lastKnownFileType = sourcecode.c.objc; name = FMDatabaseAdditions.m; path = src/fmdb.git/src/FMDatabaseAdditions.m; sourceTree = "<group>"; };
		3C0F85BC11FCDF3C0043D7DD /* FMResultSet.h */ = {isa = PBXFileReference; fileEncoding = 4; lastKnownFileType = sourcecode.c.h; name = FMResultSet.h; path = src/fmdb.git/src/FMResultSet.h; sourceTree = "<group>"; };
		3C0F85BD11FCDF3C0043D7DD /* FMResultSet.m */ = {isa = PBXFileReference; fileEncoding = 4; lastKnownFileType = sourcecode.c.objc; name = FMResultSet.m; path = src/fmdb.git/src/FMResultSet.m; sourceTree = "<group>"; };
		3C0F865A11FD00300043D7DD /* Yawgmoth.app */ = {isa = PBXFileReference; explicitFileType = wrapper.application; includeInIndex = 0; path = Yawgmoth.app; sourceTree = BUILT_PRODUCTS_DIR; };
		3C0F865C11FD00300043D7DD /* Info-10.6.plist */ = {isa = PBXFileReference; lastKnownFileType = text.plist.xml; path = "Info-10.6.plist"; sourceTree = "<group>"; };
		3C180E3D11FE918A00235976 /* cards.db */ = {isa = PBXFileReference; lastKnownFileType = file; name = cards.db; path = res/cards.db; sourceTree = "<group>"; };
		3C180E4011FEA00D00235976 /* TSVParser.h */ = {isa = PBXFileReference; fileEncoding = 4; lastKnownFileType = sourcecode.c.h; name = TSVParser.h; path = src/TSVParser.h; sourceTree = "<group>"; };
		3C180E4111FEA00D00235976 /* TSVParser.m */ = {isa = PBXFileReference; fileEncoding = 4; lastKnownFileType = sourcecode.c.objc; name = TSVParser.m; path = src/TSVParser.m; sourceTree = "<group>"; };
		3C180E7F11FEA65000235976 /* card-pictures_a.txt */ = {isa = PBXFileReference; fileEncoding = 4; lastKnownFileType = text; path = "card-pictures_a.txt"; sourceTree = "<group>"; };
		3C180E8011FEA65000235976 /* card-pictures_b.txt */ = {isa = PBXFileReference; fileEncoding = 4; lastKnownFileType = text; path = "card-pictures_b.txt"; sourceTree = "<group>"; };
		3C180E8111FEA65000235976 /* card-pictures_c.txt */ = {isa = PBXFileReference; fileEncoding = 4; lastKnownFileType = text; path = "card-pictures_c.txt"; sourceTree = "<group>"; };
		3C180E8211FEA65000235976 /* card-pictures_d.txt */ = {isa = PBXFileReference; fileEncoding = 4; lastKnownFileType = text; path = "card-pictures_d.txt"; sourceTree = "<group>"; };
		3C180E8311FEA65000235976 /* card-pictures_e.txt */ = {isa = PBXFileReference; fileEncoding = 4; lastKnownFileType = text; path = "card-pictures_e.txt"; sourceTree = "<group>"; };
		3C180E8411FEA65000235976 /* card-pictures_f.txt */ = {isa = PBXFileReference; fileEncoding = 4; lastKnownFileType = text; path = "card-pictures_f.txt"; sourceTree = "<group>"; };
		3C180E8511FEA65000235976 /* card-pictures_g.txt */ = {isa = PBXFileReference; fileEncoding = 4; lastKnownFileType = text; path = "card-pictures_g.txt"; sourceTree = "<group>"; };
		3C180E8611FEA65000235976 /* card-pictures_h.txt */ = {isa = PBXFileReference; fileEncoding = 4; lastKnownFileType = text; path = "card-pictures_h.txt"; sourceTree = "<group>"; };
		3C180E8711FEA65000235976 /* card-pictures_i.txt */ = {isa = PBXFileReference; fileEncoding = 4; lastKnownFileType = text; path = "card-pictures_i.txt"; sourceTree = "<group>"; };
		3C180E8811FEA65000235976 /* card-pictures_j.txt */ = {isa = PBXFileReference; fileEncoding = 4; lastKnownFileType = text; path = "card-pictures_j.txt"; sourceTree = "<group>"; };
		3C180E8911FEA65000235976 /* card-pictures_k.txt */ = {isa = PBXFileReference; fileEncoding = 4; lastKnownFileType = text; path = "card-pictures_k.txt"; sourceTree = "<group>"; };
		3C180E8A11FEA65000235976 /* card-pictures_l.txt */ = {isa = PBXFileReference; fileEncoding = 4; lastKnownFileType = text; path = "card-pictures_l.txt"; sourceTree = "<group>"; };
		3C180E8B11FEA65000235976 /* card-pictures_m.txt */ = {isa = PBXFileReference; fileEncoding = 4; lastKnownFileType = text; path = "card-pictures_m.txt"; sourceTree = "<group>"; };
		3C180E8C11FEA65000235976 /* card-pictures_n.txt */ = {isa = PBXFileReference; fileEncoding = 4; lastKnownFileType = text; path = "card-pictures_n.txt"; sourceTree = "<group>"; };
		3C180E8D11FEA65000235976 /* card-pictures_o.txt */ = {isa = PBXFileReference; fileEncoding = 4; lastKnownFileType = text; path = "card-pictures_o.txt"; sourceTree = "<group>"; };
		3C180E8E11FEA65000235976 /* card-pictures_other.txt */ = {isa = PBXFileReference; fileEncoding = 4; lastKnownFileType = text; path = "card-pictures_other.txt"; sourceTree = "<group>"; };
		3C180E8F11FEA65000235976 /* card-pictures_p.txt */ = {isa = PBXFileReference; fileEncoding = 4; lastKnownFileType = text; path = "card-pictures_p.txt"; sourceTree = "<group>"; };
		3C180E9011FEA65000235976 /* card-pictures_q.txt */ = {isa = PBXFileReference; fileEncoding = 4; lastKnownFileType = text; path = "card-pictures_q.txt"; sourceTree = "<group>"; };
		3C180E9111FEA65000235976 /* card-pictures_r.txt */ = {isa = PBXFileReference; fileEncoding = 4; lastKnownFileType = text; path = "card-pictures_r.txt"; sourceTree = "<group>"; };
		3C180E9211FEA65000235976 /* card-pictures_s.txt */ = {isa = PBXFileReference; fileEncoding = 4; lastKnownFileType = text; path = "card-pictures_s.txt"; sourceTree = "<group>"; };
		3C180E9311FEA65000235976 /* card-pictures_t.txt */ = {isa = PBXFileReference; fileEncoding = 4; lastKnownFileType = text; path = "card-pictures_t.txt"; sourceTree = "<group>"; };
		3C180E9411FEA65000235976 /* card-pictures_u.txt */ = {isa = PBXFileReference; fileEncoding = 4; lastKnownFileType = text; path = "card-pictures_u.txt"; sourceTree = "<group>"; };
		3C180E9511FEA65000235976 /* card-pictures_v.txt */ = {isa = PBXFileReference; fileEncoding = 4; lastKnownFileType = text; path = "card-pictures_v.txt"; sourceTree = "<group>"; };
		3C180E9611FEA65000235976 /* card-pictures_w.txt */ = {isa = PBXFileReference; fileEncoding = 4; lastKnownFileType = text; path = "card-pictures_w.txt"; sourceTree = "<group>"; };
		3C180E9711FEA65000235976 /* card-pictures_x.txt */ = {isa = PBXFileReference; fileEncoding = 4; lastKnownFileType = text; path = "card-pictures_x.txt"; sourceTree = "<group>"; };
		3C180E9811FEA65000235976 /* card-pictures_y.txt */ = {isa = PBXFileReference; fileEncoding = 4; lastKnownFileType = text; path = "card-pictures_y.txt"; sourceTree = "<group>"; };
		3C180E9911FEA65000235976 /* card-pictures_z.txt */ = {isa = PBXFileReference; fileEncoding = 4; lastKnownFileType = text; path = "card-pictures_z.txt"; sourceTree = "<group>"; };
		3C1E539711F620F9001FB0BF /* SIYController.h */ = {isa = PBXFileReference; fileEncoding = 4; lastKnownFileType = sourcecode.c.h; name = SIYController.h; path = src/yawgmoth/SIYController.h; sourceTree = "<group>"; };
		3C1E539811F620F9001FB0BF /* SIYController.m */ = {isa = PBXFileReference; fileEncoding = 4; lastKnownFileType = sourcecode.c.objc; name = SIYController.m; path = src/yawgmoth/SIYController.m; sourceTree = "<group>"; };
		3C1E539911F620F9001FB0BF /* SIYDataModel.xcdatamodel */ = {isa = PBXFileReference; explicitFileType = wrapper.xcdatamodel; fileEncoding = 4; name = SIYDataModel.xcdatamodel; path = src/yawgmoth/SIYDataModel.xcdatamodel; sourceTree = "<group>"; };
		3C1E539C11F6212E001FB0BF /* main.m */ = {isa = PBXFileReference; fileEncoding = 4; lastKnownFileType = sourcecode.c.objc; name = main.m; path = src/yawgmoth/main.m; sourceTree = "<group>"; };
		3C89838811F9698F00AABCEE /* SIYCardDatabase.h */ = {isa = PBXFileReference; fileEncoding = 4; lastKnownFileType = sourcecode.c.h; name = SIYCardDatabase.h; path = src/yawgmoth/SIYCardDatabase.h; sourceTree = "<group>"; };
		3C89838911F9698F00AABCEE /* SIYCardDatabase.m */ = {isa = PBXFileReference; fileEncoding = 4; lastKnownFileType = sourcecode.c.objc; name = SIYCardDatabase.m; path = src/yawgmoth/SIYCardDatabase.m; sourceTree = "<group>"; };
		3C8CA05F11F254B6009A1443 /* libsqlite3.dylib */ = {isa = PBXFileReference; lastKnownFileType = "compiled.mach-o.dylib"; name = libsqlite3.dylib; path = usr/lib/libsqlite3.dylib; sourceTree = SDKROOT; };
		3C8EED8711ED2E07003E7D9F /* English */ = {isa = PBXFileReference; lastKnownFileType = wrapper.nib; name = English; path = English.lproj/DeckEditorWindow.nib; sourceTree = "<group>"; };
		3C9587B911FBAC2200E0F11E /* SIYDataModelManagedObjects.h */ = {isa = PBXFileReference; fileEncoding = 4; lastKnownFileType = sourcecode.c.h; name = SIYDataModelManagedObjects.h; path = src/yawgmoth/SIYDataModelManagedObjects.h; sourceTree = "<group>"; };
		3CBD2D3911FE2E5300DE9543 /* SIYCardImageManager.h */ = {isa = PBXFileReference; fileEncoding = 4; lastKnownFileType = sourcecode.c.h; name = SIYCardImageManager.h; path = src/yawgmoth/SIYCardImageManager.h; sourceTree = "<group>"; };
		3CBD2D3A11FE2E5300DE9543 /* SIYCardImageManager.m */ = {isa = PBXFileReference; fileEncoding = 4; lastKnownFileType = sourcecode.c.objc; name = SIYCardImageManager.m; path = src/yawgmoth/SIYCardImageManager.m; sourceTree = "<group>"; };
		8D1107310486CEB800E47090 /* Info-10.5.plist */ = {isa = PBXFileReference; fileEncoding = 4; lastKnownFileType = text.plist.xml; path = "Info-10.5.plist"; sourceTree = "<group>"; };
		8D1107320486CEB800E47090 /* Yawgmoth.app */ = {isa = PBXFileReference; explicitFileType = wrapper.application; includeInIndex = 0; path = Yawgmoth.app; sourceTree = BUILT_PRODUCTS_DIR; };
/* End PBXFileReference section */

/* Begin PBXFrameworksBuildPhase section */
		3C006A8911FF883C00C5C084 /* Frameworks */ = {
			isa = PBXFrameworksBuildPhase;
			buildActionMask = 2147483647;
			files = (
				3C006ABE11FF914B00C5C084 /* Cocoa.framework in Frameworks */,
				3C006A9311FF896700C5C084 /* libsqlite3.dylib in Frameworks */,
			);
			runOnlyForDeploymentPostprocessing = 0;
		};
		3C0F865411FD00300043D7DD /* Frameworks */ = {
			isa = PBXFrameworksBuildPhase;
			buildActionMask = 2147483647;
			files = (
				3C0F865511FD00300043D7DD /* libsqlite3.dylib in Frameworks */,
				3C0F865611FD00300043D7DD /* Cocoa.framework in Frameworks */,
			);
			runOnlyForDeploymentPostprocessing = 0;
		};
		8D11072E0486CEB800E47090 /* Frameworks */ = {
			isa = PBXFrameworksBuildPhase;
			buildActionMask = 2147483647;
			files = (
				3C4EA47311FFC90200F7F3CA /* libsqlite3.dylib in Frameworks */,
				8D11072F0486CEB800E47090 /* Cocoa.framework in Frameworks */,
			);
			runOnlyForDeploymentPostprocessing = 0;
		};
/* End PBXFrameworksBuildPhase section */

/* Begin PBXGroup section */
		080E96DDFE201D6D7F000001 /* Yawgmoth Classes */ = {
			isa = PBXGroup;
			children = (
				3CBD2D3911FE2E5300DE9543 /* SIYCardImageManager.h */,
				3CBD2D3A11FE2E5300DE9543 /* SIYCardImageManager.m */,
				3C1E539711F620F9001FB0BF /* SIYController.h */,
				3C1E539811F620F9001FB0BF /* SIYController.m */,
			);
			name = "Yawgmoth Classes";
			sourceTree = "<group>";
		};
		1058C7A0FEA54F0111CA2CBB /* Linked Frameworks */ = {
			isa = PBXGroup;
			children = (
				1058C7A1FEA54F0111CA2CBB /* Cocoa.framework */,
				3C8CA05F11F254B6009A1443 /* libsqlite3.dylib */,
			);
			name = "Linked Frameworks";
			sourceTree = "<group>";
		};
		1058C7A2FEA54F0111CA2CBB /* Other Frameworks */ = {
			isa = PBXGroup;
			children = (
				29B97324FDCFA39411CA2CEA /* AppKit.framework */,
				13E42FB307B3F0F600E4EEF1 /* CoreData.framework */,
				29B97325FDCFA39411CA2CEA /* Foundation.framework */,
			);
			name = "Other Frameworks";
			sourceTree = "<group>";
		};
		19C28FACFE9D520D11CA2CBB /* Products */ = {
			isa = PBXGroup;
			children = (
				8D1107320486CEB800E47090 /* Yawgmoth.app */,
				3C0F865A11FD00300043D7DD /* Yawgmoth.app */,
				3C006A8B11FF883C00C5C084 /* Yawgmoth-Importer.app */,
			);
			name = Products;
			sourceTree = "<group>";
		};
		29B97314FDCFA39411CA2CEA /* Yawgmoth */ = {
			isa = PBXGroup;
			children = (
				3C1E539111F61E8B001FB0BF /* Yawgmoth */,
				29B97323FDCFA39411CA2CEA /* Frameworks */,
				19C28FACFE9D520D11CA2CBB /* Products */,
			);
			name = Yawgmoth;
			sourceTree = "<group>";
		};
		29B97315FDCFA39411CA2CEA /* Other Sources */ = {
			isa = PBXGroup;
			children = (
				3C1E539C11F6212E001FB0BF /* main.m */,
				3C9587B911FBAC2200E0F11E /* SIYDataModelManagedObjects.h */,
				32CA4F630368D1EE00C91783 /* Yawgmoth_Prefix.pch */,
				3C180E4011FEA00D00235976 /* TSVParser.h */,
				3C180E4111FEA00D00235976 /* TSVParser.m */,
			);
			name = "Other Sources";
			sourceTree = "<group>";
		};
		29B97317FDCFA39411CA2CEA /* Resources */ = {
			isa = PBXGroup;
			children = (
				3C006A8D11FF883C00C5C084 /* Info-importer.plist */,
				3C006B7911FFC4BB00C5C084 /* storedata */,
				3C180E7E11FEA65000235976 /* cardimgs */,
				3C180E3D11FE918A00235976 /* cards.db */,
				3C8EED8611ED2E07003E7D9F /* DeckEditorWindow.nib */,
				8D1107310486CEB800E47090 /* Info-10.5.plist */,
				089C165CFE840E0CC02AAC07 /* InfoPlist.strings */,
				3C0F865C11FD00300043D7DD /* Info-10.6.plist */,
				3C006AA511FF89DD00C5C084 /* Importer.xib */,
			);
			name = Resources;
			sourceTree = "<group>";
		};
		29B97323FDCFA39411CA2CEA /* Frameworks */ = {
			isa = PBXGroup;
			children = (
				3C1E53A111F62186001FB0BF /* fmdb */,
				1058C7A0FEA54F0111CA2CBB /* Linked Frameworks */,
				1058C7A2FEA54F0111CA2CBB /* Other Frameworks */,
			);
			name = Frameworks;
			sourceTree = "<group>";
		};
		3C180E7E11FEA65000235976 /* cardimgs */ = {
			isa = PBXGroup;
			children = (
				3C180E7F11FEA65000235976 /* card-pictures_a.txt */,
				3C180E8011FEA65000235976 /* card-pictures_b.txt */,
				3C180E8111FEA65000235976 /* card-pictures_c.txt */,
				3C180E8211FEA65000235976 /* card-pictures_d.txt */,
				3C180E8311FEA65000235976 /* card-pictures_e.txt */,
				3C180E8411FEA65000235976 /* card-pictures_f.txt */,
				3C180E8511FEA65000235976 /* card-pictures_g.txt */,
				3C180E8611FEA65000235976 /* card-pictures_h.txt */,
				3C180E8711FEA65000235976 /* card-pictures_i.txt */,
				3C180E8811FEA65000235976 /* card-pictures_j.txt */,
				3C180E8911FEA65000235976 /* card-pictures_k.txt */,
				3C180E8A11FEA65000235976 /* card-pictures_l.txt */,
				3C180E8B11FEA65000235976 /* card-pictures_m.txt */,
				3C180E8C11FEA65000235976 /* card-pictures_n.txt */,
				3C180E8D11FEA65000235976 /* card-pictures_o.txt */,
				3C180E8E11FEA65000235976 /* card-pictures_other.txt */,
				3C180E8F11FEA65000235976 /* card-pictures_p.txt */,
				3C180E9011FEA65000235976 /* card-pictures_q.txt */,
				3C180E9111FEA65000235976 /* card-pictures_r.txt */,
				3C180E9211FEA65000235976 /* card-pictures_s.txt */,
				3C180E9311FEA65000235976 /* card-pictures_t.txt */,
				3C180E9411FEA65000235976 /* card-pictures_u.txt */,
				3C180E9511FEA65000235976 /* card-pictures_v.txt */,
				3C180E9611FEA65000235976 /* card-pictures_w.txt */,
				3C180E9711FEA65000235976 /* card-pictures_x.txt */,
				3C180E9811FEA65000235976 /* card-pictures_y.txt */,
				3C180E9911FEA65000235976 /* card-pictures_z.txt */,
			);
			name = cardimgs;
			path = res/cardimgs;
			sourceTree = "<group>";
		};
		3C1E539111F61E8B001FB0BF /* Yawgmoth */ = {
			isa = PBXGroup;
			children = (
				3C9586B711FB7DE200E0F11E /* Models */,
				3C4EA4B511FFD8CC00F7F3CA /* Importer Classes */,
				080E96DDFE201D6D7F000001 /* Yawgmoth Classes */,
				29B97315FDCFA39411CA2CEA /* Other Sources */,
				29B97317FDCFA39411CA2CEA /* Resources */,
			);
			name = Yawgmoth;
			sourceTree = "<group>";
		};
		3C1E53A111F62186001FB0BF /* fmdb */ = {
			isa = PBXGroup;
			children = (
				3C0F85B811FCDF3C0043D7DD /* FMDatabase.h */,
				3C0F85B911FCDF3C0043D7DD /* FMDatabase.m */,
				3C0F85BA11FCDF3C0043D7DD /* FMDatabaseAdditions.h */,
				3C0F85BB11FCDF3C0043D7DD /* FMDatabaseAdditions.m */,
				3C0F85BC11FCDF3C0043D7DD /* FMResultSet.h */,
				3C0F85BD11FCDF3C0043D7DD /* FMResultSet.m */,
			);
			name = fmdb;
			sourceTree = "<group>";
		};
		3C4EA4B511FFD8CC00F7F3CA /* Importer Classes */ = {
			isa = PBXGroup;
			children = (
				3C006AA211FF89BD00C5C084 /* SIYImportController.h */,
				3C006AA311FF89BD00C5C084 /* SIYImportController.m */,
				3C89838811F9698F00AABCEE /* SIYCardDatabase.h */,
				3C89838911F9698F00AABCEE /* SIYCardDatabase.m */,
			);
			name = "Importer Classes";
			sourceTree = "<group>";
		};
		3C9586B711FB7DE200E0F11E /* Models */ = {
			isa = PBXGroup;
			children = (
				3C1E539911F620F9001FB0BF /* SIYDataModel.xcdatamodel */,
			);
			name = Models;
			sourceTree = "<group>";
		};
/* End PBXGroup section */

/* Begin PBXNativeTarget section */
		3C006A8A11FF883C00C5C084 /* Yawgmoth-Importer */ = {
			isa = PBXNativeTarget;
			buildConfigurationList = 3C006A9011FF883E00C5C084 /* Build configuration list for PBXNativeTarget "Yawgmoth-Importer" */;
			buildPhases = (
				3C006A8711FF883C00C5C084 /* Resources */,
				3C006A8811FF883C00C5C084 /* Sources */,
				3C006A8911FF883C00C5C084 /* Frameworks */,
			);
			buildRules = (
			);
			dependencies = (
			);
			name = "Yawgmoth-Importer";
			productName = "Yawgmoth-Importer";
			productReference = 3C006A8B11FF883C00C5C084 /* Yawgmoth-Importer.app */;
			productType = "com.apple.product-type.application";
		};
		3C0F864711FD00300043D7DD /* Yawgmoth-10.6 */ = {
			isa = PBXNativeTarget;
			buildConfigurationList = 3C0F865711FD00300043D7DD /* Build configuration list for PBXNativeTarget "Yawgmoth-10.6" */;
			buildPhases = (
				3C0F864811FD00300043D7DD /* Resources */,
				3C0F864C11FD00300043D7DD /* Sources */,
				3C0F865411FD00300043D7DD /* Frameworks */,
			);
			buildRules = (
			);
			dependencies = (
			);
			name = "Yawgmoth-10.6";
			productInstallPath = "$(HOME)/Applications";
			productName = Yawgmoth;
			productReference = 3C0F865A11FD00300043D7DD /* Yawgmoth.app */;
			productType = "com.apple.product-type.application";
		};
		8D1107260486CEB800E47090 /* Yawgmoth-10.5 */ = {
			isa = PBXNativeTarget;
			buildConfigurationList = C01FCF4A08A954540054247B /* Build configuration list for PBXNativeTarget "Yawgmoth-10.5" */;
			buildPhases = (
				8D1107290486CEB800E47090 /* Resources */,
				8D11072C0486CEB800E47090 /* Sources */,
				8D11072E0486CEB800E47090 /* Frameworks */,
			);
			buildRules = (
			);
			dependencies = (
			);
			name = "Yawgmoth-10.5";
			productInstallPath = "$(HOME)/Applications";
			productName = Yawgmoth;
			productReference = 8D1107320486CEB800E47090 /* Yawgmoth.app */;
			productType = "com.apple.product-type.application";
		};
/* End PBXNativeTarget section */

/* Begin PBXProject section */
		29B97313FDCFA39411CA2CEA /* Project object */ = {
			isa = PBXProject;
			buildConfigurationList = C01FCF4E08A954540054247B /* Build configuration list for PBXProject "Yawgmoth" */;
			compatibilityVersion = "Xcode 3.0";
			hasScannedForEncodings = 1;
			mainGroup = 29B97314FDCFA39411CA2CEA /* Yawgmoth */;
			projectDirPath = "";
			projectRoot = "";
			targets = (
				8D1107260486CEB800E47090 /* Yawgmoth-10.5 */,
				3C0F864711FD00300043D7DD /* Yawgmoth-10.6 */,
				3C006A8A11FF883C00C5C084 /* Yawgmoth-Importer */,
			);
		};
/* End PBXProject section */

/* Begin PBXResourcesBuildPhase section */
		3C006A8711FF883C00C5C084 /* Resources */ = {
			isa = PBXResourcesBuildPhase;
			buildActionMask = 2147483647;
			files = (
				3C006A9211FF894800C5C084 /* cards.db in Resources */,
				3C006AA611FF89DD00C5C084 /* Importer.xib in Resources */,
			);
			runOnlyForDeploymentPostprocessing = 0;
		};
		3C0F864811FD00300043D7DD /* Resources */ = {
			isa = PBXResourcesBuildPhase;
			buildActionMask = 2147483647;
			files = (
				3C0F864911FD00300043D7DD /* InfoPlist.strings in Resources */,
				3C0F864A11FD00300043D7DD /* DeckEditorWindow.nib in Resources */,
				3C180EB511FEA65000235976 /* card-pictures_a.txt in Resources */,
				3C180EB611FEA65000235976 /* card-pictures_b.txt in Resources */,
				3C180EB711FEA65000235976 /* card-pictures_c.txt in Resources */,
				3C180EB811FEA65000235976 /* card-pictures_d.txt in Resources */,
				3C180EB911FEA65000235976 /* card-pictures_e.txt in Resources */,
				3C180EBA11FEA65000235976 /* card-pictures_f.txt in Resources */,
				3C180EBB11FEA65000235976 /* card-pictures_g.txt in Resources */,
				3C180EBC11FEA65000235976 /* card-pictures_h.txt in Resources */,
				3C180EBD11FEA65000235976 /* card-pictures_i.txt in Resources */,
				3C180EBE11FEA65000235976 /* card-pictures_j.txt in Resources */,
				3C180EBF11FEA65000235976 /* card-pictures_k.txt in Resources */,
				3C180EC011FEA65000235976 /* card-pictures_l.txt in Resources */,
				3C180EC111FEA65000235976 /* card-pictures_m.txt in Resources */,
				3C180EC211FEA65000235976 /* card-pictures_n.txt in Resources */,
				3C180EC311FEA65000235976 /* card-pictures_o.txt in Resources */,
				3C180EC411FEA65000235976 /* card-pictures_other.txt in Resources */,
				3C180EC511FEA65000235976 /* card-pictures_p.txt in Resources */,
				3C180EC611FEA65000235976 /* card-pictures_q.txt in Resources */,
				3C180EC711FEA65000235976 /* card-pictures_r.txt in Resources */,
				3C180EC811FEA65000235976 /* card-pictures_s.txt in Resources */,
				3C180EC911FEA65000235976 /* card-pictures_t.txt in Resources */,
				3C180ECA11FEA65000235976 /* card-pictures_u.txt in Resources */,
				3C180ECB11FEA65000235976 /* card-pictures_v.txt in Resources */,
				3C180ECC11FEA65000235976 /* card-pictures_w.txt in Resources */,
				3C180ECD11FEA65000235976 /* card-pictures_x.txt in Resources */,
				3C180ECE11FEA65000235976 /* card-pictures_y.txt in Resources */,
				3C180ECF11FEA65000235976 /* card-pictures_z.txt in Resources */,
				3C006B7A11FFC4BB00C5C084 /* storedata in Resources */,
			);
			runOnlyForDeploymentPostprocessing = 0;
		};
		8D1107290486CEB800E47090 /* Resources */ = {
			isa = PBXResourcesBuildPhase;
			buildActionMask = 2147483647;
			files = (
				3CD2826E11FECE2F00042B4B /* card-pictures_a.txt in Resources */,
				3CD2826F11FECE2F00042B4B /* card-pictures_b.txt in Resources */,
				3CD2827011FECE2F00042B4B /* card-pictures_c.txt in Resources */,
				3CD2827111FECE2F00042B4B /* card-pictures_d.txt in Resources */,
				3CD2827211FECE2F00042B4B /* card-pictures_e.txt in Resources */,
				3CD2827311FECE2F00042B4B /* card-pictures_f.txt in Resources */,
				3CD2827411FECE2F00042B4B /* card-pictures_g.txt in Resources */,
				3CD2827511FECE2F00042B4B /* card-pictures_h.txt in Resources */,
				3CD2827611FECE2F00042B4B /* card-pictures_i.txt in Resources */,
				3CD2827711FECE2F00042B4B /* card-pictures_j.txt in Resources */,
				3CD2827811FECE2F00042B4B /* card-pictures_k.txt in Resources */,
				3CD2827911FECE2F00042B4B /* card-pictures_l.txt in Resources */,
				3CD2827A11FECE2F00042B4B /* card-pictures_m.txt in Resources */,
				3CD2827B11FECE2F00042B4B /* card-pictures_n.txt in Resources */,
				3CD2827C11FECE2F00042B4B /* card-pictures_o.txt in Resources */,
				3CD2827D11FECE2F00042B4B /* card-pictures_other.txt in Resources */,
				3CD2827E11FECE2F00042B4B /* card-pictures_p.txt in Resources */,
				3CD2827F11FECE2F00042B4B /* card-pictures_q.txt in Resources */,
				3CD2828011FECE2F00042B4B /* card-pictures_r.txt in Resources */,
				3CD2828111FECE2F00042B4B /* card-pictures_s.txt in Resources */,
				3CD2828211FECE2F00042B4B /* card-pictures_t.txt in Resources */,
				3CD2828311FECE2F00042B4B /* card-pictures_u.txt in Resources */,
				3CD2828411FECE2F00042B4B /* card-pictures_v.txt in Resources */,
				3CD2828511FECE2F00042B4B /* card-pictures_w.txt in Resources */,
				3CD2828611FECE2F00042B4B /* card-pictures_x.txt in Resources */,
				3CD2828711FECE2F00042B4B /* card-pictures_y.txt in Resources */,
				3CD2828811FECE2F00042B4B /* card-pictures_z.txt in Resources */,
				8D11072B0486CEB800E47090 /* InfoPlist.strings in Resources */,
				3C8EED8811ED2E07003E7D9F /* DeckEditorWindow.nib in Resources */,
				3C006B7B11FFC4BB00C5C084 /* storedata in Resources */,
			);
			runOnlyForDeploymentPostprocessing = 0;
		};
/* End PBXResourcesBuildPhase section */

/* Begin PBXSourcesBuildPhase section */
		3C006A8811FF883C00C5C084 /* Sources */ = {
			isa = PBXSourcesBuildPhase;
			buildActionMask = 2147483647;
			files = (
				3C006B0811FF931B00C5C084 /* SIYDataModel.xcdatamodel in Sources */,
				3C006AE511FF925200C5C084 /* main.m in Sources */,
				3C006ADF11FF922E00C5C084 /* FMDatabase.m in Sources */,
				3C006AE011FF922E00C5C084 /* FMDatabaseAdditions.m in Sources */,
				3C006AE111FF922E00C5C084 /* FMResultSet.m in Sources */,
				3C006AA111FF899800C5C084 /* SIYCardDatabase.m in Sources */,
				3C006AA411FF89BD00C5C084 /* SIYImportController.m in Sources */,
			);
			runOnlyForDeploymentPostprocessing = 0;
		};
		3C0F864C11FD00300043D7DD /* Sources */ = {
			isa = PBXSourcesBuildPhase;
			buildActionMask = 2147483647;
			files = (
				3C0F864D11FD00300043D7DD /* SIYController.m in Sources */,
				3C0F864E11FD00300043D7DD /* SIYDataModel.xcdatamodel in Sources */,
				3C0F864F11FD00300043D7DD /* main.m in Sources */,
				3CBD2D3C11FE2E5300DE9543 /* SIYCardImageManager.m in Sources */,
				3C180E4311FEA00D00235976 /* TSVParser.m in Sources */,
			);
			runOnlyForDeploymentPostprocessing = 0;
		};
		8D11072C0486CEB800E47090 /* Sources */ = {
			isa = PBXSourcesBuildPhase;
			buildActionMask = 2147483647;
			files = (
				3C1E539A11F620F9001FB0BF /* SIYController.m in Sources */,
				3C1E539B11F620F9001FB0BF /* SIYDataModel.xcdatamodel in Sources */,
				3C1E539D11F6212E001FB0BF /* main.m in Sources */,
				3CBD2D3B11FE2E5300DE9543 /* SIYCardImageManager.m in Sources */,
				3C180E4211FEA00D00235976 /* TSVParser.m in Sources */,
			);
			runOnlyForDeploymentPostprocessing = 0;
		};
/* End PBXSourcesBuildPhase section */

/* Begin PBXVariantGroup section */
		089C165CFE840E0CC02AAC07 /* InfoPlist.strings */ = {
			isa = PBXVariantGroup;
			children = (
				089C165DFE840E0CC02AAC07 /* English */,
			);
			name = InfoPlist.strings;
			sourceTree = "<group>";
		};
		3C8EED8611ED2E07003E7D9F /* DeckEditorWindow.nib */ = {
			isa = PBXVariantGroup;
			children = (
				3C8EED8711ED2E07003E7D9F /* English */,
			);
			name = DeckEditorWindow.nib;
			sourceTree = "<group>";
		};
/* End PBXVariantGroup section */

/* Begin XCBuildConfiguration section */
		3C006A8E11FF883D00C5C084 /* Debug */ = {
			isa = XCBuildConfiguration;
			buildSettings = {
				ALWAYS_SEARCH_USER_PATHS = NO;
				COPY_PHASE_STRIP = NO;
				GCC_DYNAMIC_NO_PIC = NO;
				GCC_ENABLE_FIX_AND_CONTINUE = YES;
				GCC_MODEL_TUNING = G5;
				GCC_OPTIMIZATION_LEVEL = 0;
				GCC_PRECOMPILE_PREFIX_HEADER = YES;
				GCC_PREFIX_HEADER = "$(SYSTEM_LIBRARY_DIR)/Frameworks/AppKit.framework/Headers/AppKit.h";
				INFOPLIST_FILE = "Info-importer.plist";
				INSTALL_PATH = "$(HOME)/Applications";
				OTHER_LDFLAGS = (
					"-framework",
					Foundation,
					"-framework",
					AppKit,
				);
				PREBINDING = NO;
				PRODUCT_NAME = "Yawgmoth-Importer";
			};
			name = Debug;
		};
		3C006A8F11FF883D00C5C084 /* Release */ = {
			isa = XCBuildConfiguration;
			buildSettings = {
				ALWAYS_SEARCH_USER_PATHS = NO;
				COPY_PHASE_STRIP = YES;
				DEBUG_INFORMATION_FORMAT = "dwarf-with-dsym";
				GCC_ENABLE_FIX_AND_CONTINUE = NO;
				GCC_MODEL_TUNING = G5;
				GCC_PRECOMPILE_PREFIX_HEADER = YES;
				GCC_PREFIX_HEADER = "$(SYSTEM_LIBRARY_DIR)/Frameworks/AppKit.framework/Headers/AppKit.h";
				INFOPLIST_FILE = "Info-importer.plist";
				INSTALL_PATH = "$(HOME)/Applications";
				OTHER_LDFLAGS = (
					"-framework",
					Foundation,
					"-framework",
					AppKit,
				);
				PREBINDING = NO;
				PRODUCT_NAME = "Yawgmoth-Importer";
				ZERO_LINK = NO;
			};
			name = Release;
		};
		3C0F865811FD00300043D7DD /* Debug */ = {
			isa = XCBuildConfiguration;
			buildSettings = {
				COPY_PHASE_STRIP = NO;
				FRAMEWORK_SEARCH_PATHS = (
					"$(inherited)",
					"\\\"$(DEVELOPER_FRAMEWORKS_DIR)\\\"",
				);
				GCC_DYNAMIC_NO_PIC = NO;
				GCC_ENABLE_FIX_AND_CONTINUE = YES;
				GCC_MODEL_TUNING = G5;
				GCC_OPTIMIZATION_LEVEL = 0;
				GCC_PRECOMPILE_PREFIX_HEADER = YES;
				GCC_PREFIX_HEADER = Yawgmoth_Prefix.pch;
				INFOPLIST_FILE = "Info-10.6.plist";
				INSTALL_PATH = "$(HOME)/Applications";
				PRODUCT_NAME = Yawgmoth;
				SDKROOT = "$(DEVELOPER_SDK_DIR)/MacOSX10.6.sdk";
				WRAPPER_EXTENSION = app;
				ZERO_LINK = YES;
			};
			name = Debug;
		};
		3C0F865911FD00300043D7DD /* Release */ = {
			isa = XCBuildConfiguration;
			buildSettings = {
				DEBUG_INFORMATION_FORMAT = "dwarf-with-dsym";
				FRAMEWORK_SEARCH_PATHS = (
					"$(inherited)",
					"\\\"$(DEVELOPER_FRAMEWORKS_DIR)\\\"",
				);
				GCC_MODEL_TUNING = G5;
				GCC_PRECOMPILE_PREFIX_HEADER = YES;
				GCC_PREFIX_HEADER = Yawgmoth_Prefix.pch;
				INFOPLIST_FILE = "Info-10.6.plist";
				INSTALL_PATH = "$(HOME)/Applications";
				PRODUCT_NAME = Yawgmoth;
				SDKROOT = "$(DEVELOPER_SDK_DIR)/MacOSX10.6.sdk";
				WRAPPER_EXTENSION = app;
			};
			name = Release;
		};
		C01FCF4B08A954540054247B /* Debug */ = {
			isa = XCBuildConfiguration;
			buildSettings = {
				COPY_PHASE_STRIP = NO;
				FRAMEWORK_SEARCH_PATHS = (
					"$(inherited)",
					"\"$(DEVELOPER_FRAMEWORKS_DIR)\"",
				);
				GCC_DYNAMIC_NO_PIC = NO;
				GCC_ENABLE_FIX_AND_CONTINUE = YES;
				GCC_MODEL_TUNING = G5;
				GCC_OPTIMIZATION_LEVEL = 0;
				GCC_PRECOMPILE_PREFIX_HEADER = YES;
				GCC_PREFIX_HEADER = Yawgmoth_Prefix.pch;
				INFOPLIST_FILE = "Info-10.5.plist";
				INSTALL_PATH = "$(HOME)/Applications";
				PRODUCT_NAME = Yawgmoth;
				WRAPPER_EXTENSION = app;
				ZERO_LINK = YES;
			};
			name = Debug;
		};
		C01FCF4C08A954540054247B /* Release */ = {
			isa = XCBuildConfiguration;
			buildSettings = {
				DEBUG_INFORMATION_FORMAT = "dwarf-with-dsym";
				FRAMEWORK_SEARCH_PATHS = (
					"$(inherited)",
					"\"$(DEVELOPER_FRAMEWORKS_DIR)\"",
				);
				GCC_MODEL_TUNING = G5;
				GCC_PRECOMPILE_PREFIX_HEADER = YES;
				GCC_PREFIX_HEADER = Yawgmoth_Prefix.pch;
				INFOPLIST_FILE = "Info-10.5.plist";
				INSTALL_PATH = "$(HOME)/Applications";
				PRODUCT_NAME = Yawgmoth;
				WRAPPER_EXTENSION = app;
			};
			name = Release;
		};
		C01FCF4F08A954540054247B /* Debug */ = {
			isa = XCBuildConfiguration;
			buildSettings = {
				GCC_WARN_ABOUT_RETURN_TYPE = YES;
				GCC_WARN_UNUSED_VARIABLE = YES;
				PREBINDING = NO;
				SDKROOT = "$(DEVELOPER_SDK_DIR)/MacOSX10.5.sdk";
			};
			name = Debug;
		};
		C01FCF5008A954540054247B /* Release */ = {
			isa = XCBuildConfiguration;
			buildSettings = {
				ARCHS = (
					ppc,
					i386,
				);
				GCC_WARN_ABOUT_RETURN_TYPE = YES;
				GCC_WARN_UNUSED_VARIABLE = YES;
				PREBINDING = NO;
				SDKROOT = "$(DEVELOPER_SDK_DIR)/MacOSX10.5.sdk";
			};
			name = Release;
		};
/* End XCBuildConfiguration section */

/* Begin XCConfigurationList section */
		3C006A9011FF883E00C5C084 /* Build configuration list for PBXNativeTarget "Yawgmoth-Importer" */ = {
			isa = XCConfigurationList;
			buildConfigurations = (
				3C006A8E11FF883D00C5C084 /* Debug */,
				3C006A8F11FF883D00C5C084 /* Release */,
			);
			defaultConfigurationIsVisible = 0;
			defaultConfigurationName = Release;
		};
		3C0F865711FD00300043D7DD /* Build configuration list for PBXNativeTarget "Yawgmoth-10.6" */ = {
			isa = XCConfigurationList;
			buildConfigurations = (
				3C0F865811FD00300043D7DD /* Debug */,
				3C0F865911FD00300043D7DD /* Release */,
			);
			defaultConfigurationIsVisible = 0;
			defaultConfigurationName = Release;
		};
		C01FCF4A08A954540054247B /* Build configuration list for PBXNativeTarget "Yawgmoth-10.5" */ = {
			isa = XCConfigurationList;
			buildConfigurations = (
				C01FCF4B08A954540054247B /* Debug */,
				C01FCF4C08A954540054247B /* Release */,
			);
			defaultConfigurationIsVisible = 0;
			defaultConfigurationName = Release;
		};
		C01FCF4E08A954540054247B /* Build configuration list for PBXProject "Yawgmoth" */ = {
			isa = XCConfigurationList;
			buildConfigurations = (
				C01FCF4F08A954540054247B /* Debug */,
				C01FCF5008A954540054247B /* Release */,
			);
			defaultConfigurationIsVisible = 0;
			defaultConfigurationName = Release;
		};
/* End XCConfigurationList section */
	};
	rootObject = 29B97313FDCFA39411CA2CEA /* Project object */;
}
